
Microsoft Visual Studio Solution File, Format Version 12.00
# Visual Studio 15
VisualStudioVersion = 15.0.27004.2010
MinimumVisualStudioVersion = 10.0.40219.1
Project("{9A19103F-16F7-4668-BE54-9A1E7A4F7556}") = "OpenMOBA", "OpenMOBA\OpenMOBA.csproj", "{E10B146C-0B98-40A6-8346-D26A62776ABF}"
EndProject
Project("{9A19103F-16F7-4668-BE54-9A1E7A4F7556}") = "Benchmark", "Benchmark\Benchmark.csproj", "{BA12F6F5-D6A5-4B30-BA8F-75C7B38FA4D2}"
EndProject
Project("{9A19103F-16F7-4668-BE54-9A1E7A4F7556}") = "OpenMOBA.DevTool", "OpenMOBA.DevTool\OpenMOBA.DevTool.csproj", "{96606F53-3379-4E31-A5C7-4BF0095EDAD0}"
EndProject
Project("{2150E333-8FDC-42A3-9474-1A3956D46DE8}") = "Solution Items", "Solution Items", "{B7AB9885-AF3F-4CFA-9277-F6351BCC914C}"
	ProjectSection(SolutionItems) = preProject
		TODO.txt = TODO.txt
	EndProjectSection
EndProject
Project("{2150E333-8FDC-42A3-9474-1A3956D46DE8}") = "TestProjects", "TestProjects", "{74294450-A622-43FE-8296-939C6420556C}"
EndProject
Project("{FAE04EC0-301F-11D3-BF4B-00C04F79EFBC}") = "QuadSegmentIntersection", "TestProjects\QuadSegmentIntersection\QuadSegmentIntersection.csproj", "{A40207E1-6DD9-4FE5-B0B2-26F0C2E035C9}"
EndProject
Project("{FAE04EC0-301F-11D3-BF4B-00C04F79EFBC}") = "PolyNodeCrossoverPointManagerBenchmark", "TestProjects\PolyNodeCrossoverPointManagerBenchmark\PolyNodeCrossoverPointManagerBenchmark.csproj", "{F753B129-46AB-43AC-87E3-552C7E07ECA5}"
EndProject
Project("{FAE04EC0-301F-11D3-BF4B-00C04F79EFBC}") = "RectSegmentIntersection", "TestProjects\RectSegmentIntersection\RectSegmentIntersection.csproj", "{B40207E1-6DD9-4FE5-B0B2-26F0C2E035C9}"
EndProject
Project("{FAE04EC0-301F-11D3-BF4B-00C04F79EFBC}") = "VisibilityPolygonBenchmark", "TestProjects\VisibilityPolygonBenchmark\VisibilityPolygonBenchmark.csproj", "{B40207E1-6DD9-4FE5-B0B2-26E0C2E035C9}"
EndProject
Project("{9A19103F-16F7-4668-BE54-9A1E7A4F7556}") = "Canvas3D", "Canvas3D\Canvas3D.csproj", "{22CF2B05-286F-4DFA-A5D0-8769C7991967}"
EndProject
Global
	GlobalSection(Performance) = preSolution
		HasPerformanceSessions = true
	EndGlobalSection
	GlobalSection(SolutionConfigurationPlatforms) = preSolution
		Debug|Any CPU = Debug|Any CPU
		Debug|x64 = Debug|x64
		Debug|x86 = Debug|x86
		Release|Any CPU = Release|Any CPU
		Release|x64 = Release|x64
		Release|x86 = Release|x86
	EndGlobalSection
	GlobalSection(ProjectConfigurationPlatforms) = postSolution
		{E10B146C-0B98-40A6-8346-D26A62776ABF}.Debug|Any CPU.ActiveCfg = Debug|Any CPU
		{E10B146C-0B98-40A6-8346-D26A62776ABF}.Debug|Any CPU.Build.0 = Debug|Any CPU
		{E10B146C-0B98-40A6-8346-D26A62776ABF}.Debug|x64.ActiveCfg = Debug|Any CPU
		{E10B146C-0B98-40A6-8346-D26A62776ABF}.Debug|x64.Build.0 = Debug|Any CPU
		{E10B146C-0B98-40A6-8346-D26A62776ABF}.Debug|x86.ActiveCfg = Debug|Any CPU
		{E10B146C-0B98-40A6-8346-D26A62776ABF}.Debug|x86.Build.0 = Debug|Any CPU
		{E10B146C-0B98-40A6-8346-D26A62776ABF}.Release|Any CPU.ActiveCfg = Release|Any CPU
		{E10B146C-0B98-40A6-8346-D26A62776ABF}.Release|Any CPU.Build.0 = Release|Any CPU
		{E10B146C-0B98-40A6-8346-D26A62776ABF}.Release|x64.ActiveCfg = Release|Any CPU
		{E10B146C-0B98-40A6-8346-D26A62776ABF}.Release|x64.Build.0 = Release|Any CPU
		{E10B146C-0B98-40A6-8346-D26A62776ABF}.Release|x86.ActiveCfg = Release|Any CPU
		{E10B146C-0B98-40A6-8346-D26A62776ABF}.Release|x86.Build.0 = Release|Any CPU
		{BA12F6F5-D6A5-4B30-BA8F-75C7B38FA4D2}.Debug|Any CPU.ActiveCfg = Debug|Any CPU
		{BA12F6F5-D6A5-4B30-BA8F-75C7B38FA4D2}.Debug|Any CPU.Build.0 = Debug|Any CPU
		{BA12F6F5-D6A5-4B30-BA8F-75C7B38FA4D2}.Debug|x64.ActiveCfg = Debug|Any CPU
		{BA12F6F5-D6A5-4B30-BA8F-75C7B38FA4D2}.Debug|x86.ActiveCfg = Debug|Any CPU
		{BA12F6F5-D6A5-4B30-BA8F-75C7B38FA4D2}.Release|Any CPU.ActiveCfg = Release|Any CPU
		{BA12F6F5-D6A5-4B30-BA8F-75C7B38FA4D2}.Release|Any CPU.Build.0 = Release|Any CPU
		{BA12F6F5-D6A5-4B30-BA8F-75C7B38FA4D2}.Release|x64.ActiveCfg = Release|Any CPU
		{BA12F6F5-D6A5-4B30-BA8F-75C7B38FA4D2}.Release|x86.ActiveCfg = Release|Any CPU
		{96606F53-3379-4E31-A5C7-4BF0095EDAD0}.Debug|Any CPU.ActiveCfg = Debug|Any CPU
		{96606F53-3379-4E31-A5C7-4BF0095EDAD0}.Debug|Any CPU.Build.0 = Debug|Any CPU
		{96606F53-3379-4E31-A5C7-4BF0095EDAD0}.Debug|x64.ActiveCfg = Debug|Any CPU
		{96606F53-3379-4E31-A5C7-4BF0095EDAD0}.Debug|x64.Build.0 = Debug|Any CPU
		{96606F53-3379-4E31-A5C7-4BF0095EDAD0}.Debug|x86.ActiveCfg = Debug|Any CPU
		{96606F53-3379-4E31-A5C7-4BF0095EDAD0}.Debug|x86.Build.0 = Debug|Any CPU
		{96606F53-3379-4E31-A5C7-4BF0095EDAD0}.Release|Any CPU.ActiveCfg = Release|Any CPU
		{96606F53-3379-4E31-A5C7-4BF0095EDAD0}.Release|Any CPU.Build.0 = Release|Any CPU
		{96606F53-3379-4E31-A5C7-4BF0095EDAD0}.Release|x64.ActiveCfg = Release|Any CPU
		{96606F53-3379-4E31-A5C7-4BF0095EDAD0}.Release|x64.Build.0 = Release|Any CPU
		{96606F53-3379-4E31-A5C7-4BF0095EDAD0}.Release|x86.ActiveCfg = Release|Any CPU
		{96606F53-3379-4E31-A5C7-4BF0095EDAD0}.Release|x86.Build.0 = Release|Any CPU
		{A40207E1-6DD9-4FE5-B0B2-26F0C2E035C9}.Debug|Any CPU.ActiveCfg = Debug|Any CPU
		{A40207E1-6DD9-4FE5-B0B2-26F0C2E035C9}.Debug|Any CPU.Build.0 = Debug|Any CPU
		{A40207E1-6DD9-4FE5-B0B2-26F0C2E035C9}.Debug|x64.ActiveCfg = Debug|Any CPU
		{A40207E1-6DD9-4FE5-B0B2-26F0C2E035C9}.Debug|x64.Build.0 = Debug|Any CPU
		{A40207E1-6DD9-4FE5-B0B2-26F0C2E035C9}.Debug|x86.ActiveCfg = Debug|Any CPU
		{A40207E1-6DD9-4FE5-B0B2-26F0C2E035C9}.Debug|x86.Build.0 = Debug|Any CPU
		{A40207E1-6DD9-4FE5-B0B2-26F0C2E035C9}.Release|Any CPU.ActiveCfg = Release|Any CPU
		{A40207E1-6DD9-4FE5-B0B2-26F0C2E035C9}.Release|Any CPU.Build.0 = Release|Any CPU
		{A40207E1-6DD9-4FE5-B0B2-26F0C2E035C9}.Release|x64.ActiveCfg = Release|Any CPU
		{A40207E1-6DD9-4FE5-B0B2-26F0C2E035C9}.Release|x64.Build.0 = Release|Any CPU
		{A40207E1-6DD9-4FE5-B0B2-26F0C2E035C9}.Release|x86.ActiveCfg = Release|Any CPU
		{A40207E1-6DD9-4FE5-B0B2-26F0C2E035C9}.Release|x86.Build.0 = Release|Any CPU
		{F753B129-46AB-43AC-87E3-552C7E07ECA5}.Debug|Any CPU.ActiveCfg = Debug|Any CPU
		{F753B129-46AB-43AC-87E3-552C7E07ECA5}.Debug|Any CPU.Build.0 = Debug|Any CPU
		{F753B129-46AB-43AC-87E3-552C7E07ECA5}.Debug|x64.ActiveCfg = Debug|Any CPU
		{F753B129-46AB-43AC-87E3-552C7E07ECA5}.Debug|x64.Build.0 = Debug|Any CPU
		{F753B129-46AB-43AC-87E3-552C7E07ECA5}.Debug|x86.ActiveCfg = Debug|Any CPU
		{F753B129-46AB-43AC-87E3-552C7E07ECA5}.Debug|x86.Build.0 = Debug|Any CPU
		{F753B129-46AB-43AC-87E3-552C7E07ECA5}.Release|Any CPU.ActiveCfg = Release|Any CPU
		{F753B129-46AB-43AC-87E3-552C7E07ECA5}.Release|Any CPU.Build.0 = Release|Any CPU
		{F753B129-46AB-43AC-87E3-552C7E07ECA5}.Release|x64.ActiveCfg = Release|Any CPU
		{F753B129-46AB-43AC-87E3-552C7E07ECA5}.Release|x64.Build.0 = Release|Any CPU
		{F753B129-46AB-43AC-87E3-552C7E07ECA5}.Release|x86.ActiveCfg = Release|Any CPU
		{F753B129-46AB-43AC-87E3-552C7E07ECA5}.Release|x86.Build.0 = Release|Any CPU
		{B40207E1-6DD9-4FE5-B0B2-26F0C2E035C9}.Debug|Any CPU.ActiveCfg = Debug|Any CPU
		{B40207E1-6DD9-4FE5-B0B2-26F0C2E035C9}.Debug|Any CPU.Build.0 = Debug|Any CPU
		{B40207E1-6DD9-4FE5-B0B2-26F0C2E035C9}.Debug|x64.ActiveCfg = Debug|Any CPU
		{B40207E1-6DD9-4FE5-B0B2-26F0C2E035C9}.Debug|x64.Build.0 = Debug|Any CPU
		{B40207E1-6DD9-4FE5-B0B2-26F0C2E035C9}.Debug|x86.ActiveCfg = Debug|Any CPU
		{B40207E1-6DD9-4FE5-B0B2-26F0C2E035C9}.Debug|x86.Build.0 = Debug|Any CPU
		{B40207E1-6DD9-4FE5-B0B2-26F0C2E035C9}.Release|Any CPU.ActiveCfg = Release|Any CPU
		{B40207E1-6DD9-4FE5-B0B2-26F0C2E035C9}.Release|Any CPU.Build.0 = Release|Any CPU
		{B40207E1-6DD9-4FE5-B0B2-26F0C2E035C9}.Release|x64.ActiveCfg = Release|Any CPU
		{B40207E1-6DD9-4FE5-B0B2-26F0C2E035C9}.Release|x64.Build.0 = Release|Any CPU
		{B40207E1-6DD9-4FE5-B0B2-26F0C2E035C9}.Release|x86.ActiveCfg = Release|Any CPU
		{B40207E1-6DD9-4FE5-B0B2-26F0C2E035C9}.Release|x86.Build.0 = Release|Any CPU
		{B40207E1-6DD9-4FE5-B0B2-26E0C2E035C9}.Debug|Any CPU.ActiveCfg = Debug|Any CPU
		{B40207E1-6DD9-4FE5-B0B2-26E0C2E035C9}.Debug|Any CPU.Build.0 = Debug|Any CPU
		{B40207E1-6DD9-4FE5-B0B2-26E0C2E035C9}.Debug|x64.ActiveCfg = Debug|Any CPU
		{B40207E1-6DD9-4FE5-B0B2-26E0C2E035C9}.Debug|x64.Build.0 = Debug|Any CPU
		{B40207E1-6DD9-4FE5-B0B2-26E0C2E035C9}.Debug|x86.ActiveCfg = Debug|Any CPU
		{B40207E1-6DD9-4FE5-B0B2-26E0C2E035C9}.Debug|x86.Build.0 = Debug|Any CPU
		{B40207E1-6DD9-4FE5-B0B2-26E0C2E035C9}.Release|Any CPU.ActiveCfg = Release|Any CPU
		{B40207E1-6DD9-4FE5-B0B2-26E0C2E035C9}.Release|Any CPU.Build.0 = Release|Any CPU
		{B40207E1-6DD9-4FE5-B0B2-26E0C2E035C9}.Release|x64.ActiveCfg = Release|Any CPU
		{B40207E1-6DD9-4FE5-B0B2-26E0C2E035C9}.Release|x64.Build.0 = Release|Any CPU
		{B40207E1-6DD9-4FE5-B0B2-26E0C2E035C9}.Release|x86.ActiveCfg = Release|Any CPU
		{B40207E1-6DD9-4FE5-B0B2-26E0C2E035C9}.Release|x86.Build.0 = Release|Any CPU
		{22CF2B05-286F-4DFA-A5D0-8769C7991967}.Debug|Any CPU.ActiveCfg = Debug|Any CPU
		{22CF2B05-286F-4DFA-A5D0-8769C7991967}.Debug|Any CPU.Build.0 = Debug|Any CPU
		{22CF2B05-286F-4DFA-A5D0-8769C7991967}.Debug|x64.ActiveCfg = Debug|Any CPU
		{22CF2B05-286F-4DFA-A5D0-8769C7991967}.Debug|x64.Build.0 = Debug|Any CPU
		{22CF2B05-286F-4DFA-A5D0-8769C7991967}.Debug|x86.ActiveCfg = Debug|Any CPU
		{22CF2B05-286F-4DFA-A5D0-8769C7991967}.Debug|x86.Build.0 = Debug|Any CPU
		{22CF2B05-286F-4DFA-A5D0-8769C7991967}.Release|Any CPU.ActiveCfg = Release|Any CPU
		{22CF2B05-286F-4DFA-A5D0-8769C7991967}.Release|Any CPU.Build.0 = Release|Any CPU
		{22CF2B05-286F-4DFA-A5D0-8769C7991967}.Release|x64.ActiveCfg = Release|Any CPU
		{22CF2B05-286F-4DFA-A5D0-8769C7991967}.Release|x64.Build.0 = Release|Any CPU
		{22CF2B05-286F-4DFA-A5D0-8769C7991967}.Release|x86.ActiveCfg = Release|Any CPU
		{22CF2B05-286F-4DFA-A5D0-8769C7991967}.Release|x86.Build.0 = Release|Any CPU
	EndGlobalSection
	GlobalSection(SolutionProperties) = preSolution
		HideSolutionNode = FALSE
	EndGlobalSection
	GlobalSection(NestedProjects) = preSolution
		{A40207E1-6DD9-4FE5-B0B2-26F0C2E035C9} = {74294450-A622-43FE-8296-939C6420556C}
		{F753B129-46AB-43AC-87E3-552C7E07ECA5} = {74294450-A622-43FE-8296-939C6420556C}
		{B40207E1-6DD9-4FE5-B0B2-26F0C2E035C9} = {74294450-A622-43FE-8296-939C6420556C}
		{B40207E1-6DD9-4FE5-B0B2-26E0C2E035C9} = {74294450-A622-43FE-8296-939C6420556C}
	EndGlobalSection
	GlobalSection(ExtensibilityGlobals) = postSolution
		SolutionGuid = {1FD68494-2499-4843-A91B-C0043F09C550}
	EndGlobalSection
	GlobalSection(Performance) = preSolution
		HasPerformanceSessions = true
	EndGlobalSection
	GlobalSection(Performance) = preSolution
		HasPerformanceSessions = true
	EndGlobalSection
	GlobalSection(Performance) = preSolution
		HasPerformanceSessions = true
	EndGlobalSection
	GlobalSection(Performance) = preSolution
		HasPerformanceSessions = true
	EndGlobalSection
	GlobalSection(Performance) = preSolution
		HasPerformanceSessions = true
	EndGlobalSection
	GlobalSection(Performance) = preSolution
		HasPerformanceSessions = true
	EndGlobalSection
	GlobalSection(Performance) = preSolution
		HasPerformanceSessions = true
	EndGlobalSection
EndGlobal
