
Microsoft Visual Studio Solution File, Format Version 12.00
# Visual Studio 15
VisualStudioVersion = 15.0.26403.7
MinimumVisualStudioVersion = 10.0.40219.1
Project("{9A19103F-16F7-4668-BE54-9A1E7A4F7556}") = "OpenMOBA", "OpenMOBA\OpenMOBA.csproj", "{E10B146C-0B98-40A6-8346-D26A62776ABF}"
EndProject
Project("{9A19103F-16F7-4668-BE54-9A1E7A4F7556}") = "Benchmark", "Benchmark\Benchmark.csproj", "{BA12F6F5-D6A5-4B30-BA8F-75C7B38FA4D2}"
EndProject
Project("{9A19103F-16F7-4668-BE54-9A1E7A4F7556}") = "Poly2Tri", "..\Poly2Tri\Poly2Tri\Poly2Tri.csproj", "{A6AE26E4-3B12-41B8-A083-3932D3B84A5C}"
EndProject
Global
	GlobalSection(SolutionConfigurationPlatforms) = preSolution
		Debug|Any CPU = Debug|Any CPU
		Release|Any CPU = Release|Any CPU
	EndGlobalSection
	GlobalSection(ProjectConfigurationPlatforms) = postSolution
		{E10B146C-0B98-40A6-8346-D26A62776ABF}.Debug|Any CPU.ActiveCfg = Debug|Any CPU
		{E10B146C-0B98-40A6-8346-D26A62776ABF}.Debug|Any CPU.Build.0 = Debug|Any CPU
		{E10B146C-0B98-40A6-8346-D26A62776ABF}.Release|Any CPU.ActiveCfg = Release|Any CPU
		{E10B146C-0B98-40A6-8346-D26A62776ABF}.Release|Any CPU.Build.0 = Release|Any CPU
		{BA12F6F5-D6A5-4B30-BA8F-75C7B38FA4D2}.Debug|Any CPU.ActiveCfg = Debug|Any CPU
		{BA12F6F5-D6A5-4B30-BA8F-75C7B38FA4D2}.Debug|Any CPU.Build.0 = Debug|Any CPU
		{BA12F6F5-D6A5-4B30-BA8F-75C7B38FA4D2}.Release|Any CPU.ActiveCfg = Release|Any CPU
		{BA12F6F5-D6A5-4B30-BA8F-75C7B38FA4D2}.Release|Any CPU.Build.0 = Release|Any CPU
		{A6AE26E4-3B12-41B8-A083-3932D3B84A5C}.Debug|Any CPU.ActiveCfg = Debug|Any CPU
		{A6AE26E4-3B12-41B8-A083-3932D3B84A5C}.Debug|Any CPU.Build.0 = Debug|Any CPU
		{A6AE26E4-3B12-41B8-A083-3932D3B84A5C}.Release|Any CPU.ActiveCfg = Release|Any CPU
		{A6AE26E4-3B12-41B8-A083-3932D3B84A5C}.Release|Any CPU.Build.0 = Release|Any CPU
	EndGlobalSection
	GlobalSection(SolutionProperties) = preSolution
		HideSolutionNode = FALSE
	EndGlobalSection
EndGlobal
