
Microsoft Visual Studio Solution File, Format Version 12.00
# Visual Studio Version 16
VisualStudioVersion = 16.0.29326.143
MinimumVisualStudioVersion = 10.0.40219.1
Project("{2150E333-8FDC-42A3-9474-1A3956D46DE8}") = "Solution Items", "Solution Items", "{B7AB9885-AF3F-4CFA-9277-F6351BCC914C}"
	ProjectSection(SolutionItems) = preProject
		global.json = global.json
		TODO.txt = TODO.txt
	EndProjectSection
EndProject
Project("{2150E333-8FDC-42A3-9474-1A3956D46DE8}") = "TestProjects", "TestProjects", "{74294450-A622-43FE-8296-939C6420556C}"
EndProject
Project("{FAE04EC0-301F-11D3-BF4B-00C04F79EFBC}") = "QuadSegmentIntersection", "engine\test\QuadSegmentIntersection\QuadSegmentIntersection.csproj", "{A40207E1-6DD9-4FE5-B0B2-26F0C2E035C9}"
EndProject
Project("{FAE04EC0-301F-11D3-BF4B-00C04F79EFBC}") = "PolyNodeCrossoverPointManagerBenchmark", "engine\test\PolyNodeCrossoverPointManagerBenchmark\PolyNodeCrossoverPointManagerBenchmark.csproj", "{F753B129-46AB-43AC-87E3-552C7E07ECA5}"
EndProject
Project("{FAE04EC0-301F-11D3-BF4B-00C04F79EFBC}") = "RectSegmentIntersection", "engine\test\RectSegmentIntersection\RectSegmentIntersection.csproj", "{B40207E1-6DD9-4FE5-B0B2-26F0C2E035C9}"
EndProject
Project("{FAE04EC0-301F-11D3-BF4B-00C04F79EFBC}") = "VisibilityPolygonBenchmark", "engine\test\VisibilityPolygonBenchmark\VisibilityPolygonBenchmark.csproj", "{B40207E1-6DD9-4FE5-B0B2-26E0C2E035C9}"
EndProject
Project("{9A19103F-16F7-4668-BE54-9A1E7A4F7556}") = "Canvas3D", "engine\src\Canvas3D\Canvas3D.csproj", "{22CF2B05-286F-4DFA-A5D0-8769C7991967}"
EndProject
Project("{FAE04EC0-301F-11D3-BF4B-00C04F79EFBC}") = "RoboticsMotionPlan", "engine\tools\RoboticsMotionPlan\RoboticsMotionPlan.csproj", "{DDB1E6CA-2A8E-48C6-9155-8C65BF196C24}"
EndProject
Project("{9A19103F-16F7-4668-BE54-9A1E7A4F7556}") = "FogOfWarTests", "engine\test\FogOfWarTests\FogOfWarTests.csproj", "{CA0207E1-6DD9-4FE5-B0B2-26E0C2E035C9}"
EndProject
Project("{9A19103F-16F7-4668-BE54-9A1E7A4F7556}") = "CrossoverPointTests", "engine\test\CrossoverPointTests\CrossoverPointTests.csproj", "{223D18F2-FCE4-4D18-9DF8-A90CEAE4D1A9}"
EndProject
Project("{FAE04EC0-301F-11D3-BF4B-00C04F79EFBC}") = "SutherlandHodgmanTests", "engine\test\SutherlandHodgmanTests\SutherlandHodgmanTests.csproj", "{CA0317E1-6DD9-4FE5-B0B2-26E0C2E035C9}"
EndProject
Project("{9A19103F-16F7-4668-BE54-9A1E7A4F7556}") = "LineSegmentTests", "engine\test\LineSegmentTests\LineSegmentTests.csproj", "{223D18F2-FCE4-4D12-9DF8-A90CEAE4D1A9}"
EndProject
Project("{8BC9CEB8-8B4A-11D0-8D11-00A0C91BC942}") = "LineSegmentTestsCpp", "engine\test\LineSegmentTestsCpp\LineSegmentTestsCpp.vcxproj", "{2A44E380-E355-4C7A-A4A6-697A895A8424}"
EndProject
Project("{9A19103F-16F7-4668-BE54-9A1E7A4F7556}") = "SharpSL", "engine\dependencies\SharpSL\SharpSL.csproj", "{BC87A02C-5BFF-4DF3-9B31-1C8BD305F66F}"
EndProject
Project("{9A19103F-16F7-4668-BE54-9A1E7A4F7556}") = "MatrixMultiplicationPerformanceBenchmark", "engine\test\MatrixMultiplicationPerformanceBenchmark\MatrixMultiplicationPerformanceBenchmark.csproj", "{76CFEA8F-9385-4856-A4BD-2F809EEACB3E}"
EndProject
Project("{9A19103F-16F7-4668-BE54-9A1E7A4F7556}") = "FMatrix", "engine\dependencies\FMatrix\FMatrix.csproj", "{96C93161-92AC-484C-B5E1-D87B24FBA473}"
EndProject
Project("{2150E333-8FDC-42A3-9474-1A3956D46DE8}") = "Dargon", "Dargon", "{CD4DC002-FD3B-4B31-A749-863E7B0A768F}"
EndProject
Project("{9A19103F-16F7-4668-BE54-9A1E7A4F7556}") = "NMockito", "engine\dependencies\dargon\framework\src\NMockito\src\NMockito\NMockito.csproj", "{1A128DEE-21FD-42D5-9DB4-F6F0C4BFA0B5}"
EndProject
Project("{9A19103F-16F7-4668-BE54-9A1E7A4F7556}") = "NMockito.UnitTests", "engine\dependencies\dargon\framework\src\NMockito\test\NMockito.UnitTests\NMockito.UnitTests.csproj", "{9E33B9A9-E447-4C0C-9C7D-6E30EF6FDC84}"
EndProject
Project("{9A19103F-16F7-4668-BE54-9A1E7A4F7556}") = "Dargon.Commons", "engine\dependencies\dargon\framework\src\Dargon.Commons\src\Dargon.Commons.csproj", "{C5400969-291A-45E2-9C26-8B15A74DE190}"
EndProject
Project("{9A19103F-16F7-4668-BE54-9A1E7A4F7556}") = "Dargon.Commons.UnitTests", "engine\dependencies\dargon\framework\src\Dargon.Commons\tests\Dargon.Commons.UnitTests\Dargon.Commons.UnitTests.csproj", "{80ECEAF8-39FC-4CD3-9026-59C822E73667}"
EndProject
Project("{2150E333-8FDC-42A3-9474-1A3956D46DE8}") = "Dependencies", "Dependencies", "{D8F4EDE4-D0E8-48A8-B00B-4C10592ADBFF}"
EndProject
Project("{FAE04EC0-301F-11D3-BF4B-00C04F79EFBC}") = "FixedMath.NET", "engine\dependencies\FixedMath.Net\src\FixedMath.NET.csproj", "{D46C606E-5826-465F-9983-251E3D3B2F1C}"
EndProject
Project("{9A19103F-16F7-4668-BE54-9A1E7A4F7556}") = "Dargon.Ryu", "engine\dependencies\dargon\framework\src\Dargon.Ryu\src\Dargon.Ryu.csproj", "{DD5A9908-5149-4A76-B942-111EF480FE4E}"
EndProject
Project("{9A19103F-16F7-4668-BE54-9A1E7A4F7556}") = "Dargon.Vox", "engine\dependencies\dargon\framework\src\Dargon.Vox\src\Dargon.Vox\Dargon.Vox.csproj", "{1CE78F1B-EA76-448D-B4E2-7D132687BC15}"
EndProject
Project("{9A19103F-16F7-4668-BE54-9A1E7A4F7556}") = "Dargon.Vox.FunctionalTests", "engine\dependencies\dargon\framework\src\Dargon.Vox\test\Dargon.Vox.FunctionalTests\Dargon.Vox.FunctionalTests.csproj", "{A8E159BF-727E-4D54-B91E-39747393ADED}"
EndProject
Project("{9A19103F-16F7-4668-BE54-9A1E7A4F7556}") = "Dargon.Courier", "engine\dependencies\dargon\framework\src\Dargon.Courier\src\Dargon.Courier.csproj", "{7C58BA7B-FAA4-47FF-880F-01607B1D199A}"
EndProject
Project("{9A19103F-16F7-4668-BE54-9A1E7A4F7556}") = "Dargon.Courier.Impl.IntegrationTests", "engine\dependencies\dargon\framework\src\Dargon.Courier\tests\Dargon.Courier.Impl.IntegrationTests\Dargon.Courier.Impl.IntegrationTests.csproj", "{CB4D68E0-79A2-43C7-8745-E2C429ABA7AF}"
EndProject
Project("{9A19103F-16F7-4668-BE54-9A1E7A4F7556}") = "Dargon.Courier.Impl.UnitTests", "engine\dependencies\dargon\framework\src\Dargon.Courier\tests\Dargon.Courier.Impl.UnitTests\Dargon.Courier.Impl.UnitTests.csproj", "{6D16C119-15D1-4544-A4A1-02AB45F38C3B}"
EndProject
Project("{9A19103F-16F7-4668-BE54-9A1E7A4F7556}") = "Dargon.PlayOn", "engine\src\Dargon.PlayOn\Dargon.PlayOn.csproj", "{F4047719-2523-46E7-B5AC-8D18C591E4B4}"
EndProject
Project("{9A19103F-16F7-4668-BE54-9A1E7A4F7556}") = "Dargon.PlayOn.DevTool", "engine\src\Dargon.PlayOn.DevTool\Dargon.PlayOn.DevTool.csproj", "{E720E5DB-081C-4ABB-85B1-54722E58E357}"
EndProject
Project("{9A19103F-16F7-4668-BE54-9A1E7A4F7556}") = "ais-client", "games\AdventuresInShade\src\ais-client\ais-client.csproj", "{8B390958-6AA5-4438-8B94-FFF3265EF19B}"
EndProject
Project("{9A19103F-16F7-4668-BE54-9A1E7A4F7556}") = "ais-server", "games\AdventuresInShade\src\ais-server\ais-server.csproj", "{A209DEBD-40B8-41AD-9224-1819E8FAC144}"
EndProject
Project("{9A19103F-16F7-4668-BE54-9A1E7A4F7556}") = "AdventuresInShade", "games\AdventuresInShade\src\AdventuresInShade\AdventuresInShade.csproj", "{0AC4F0F9-A786-429D-B6CA-818F674F2109}"
EndProject
Project("{9A19103F-16F7-4668-BE54-9A1E7A4F7556}") = "TestGameTheGame", "games\TestGameTheGame\TestGameTheGame.csproj", "{A4A1DCFB-1715-41F4-9C62-E7AE99CE01AB}"
EndProject
Project("{9A19103F-16F7-4668-BE54-9A1E7A4F7556}") = "Dargon.Repl", "engine\dependencies\dargon\framework\src\Dargon.Repl\src\Dargon.Repl.csproj", "{0367F390-3C13-4E91-8EA6-FE29419DD4D0}"
EndProject
Project("{9A19103F-16F7-4668-BE54-9A1E7A4F7556}") = "dargon-management-interface", "engine\dependencies\dargon\tools\src\dargon-management-interface\src\dargon-management-interface.csproj", "{2495AFDF-9C95-48AC-B766-8DD2F793C732}"
EndProject
Project("{FAE04EC0-301F-11D3-BF4B-00C04F79EFBC}") = "VisibilityPolygonQueries", "engine\test\VisibilityPolygonQueries\VisibilityPolygonQueries.csproj", "{4316B193-DCC2-4548-A4CD-03B656187757}"
EndProject
Project("{FAE04EC0-301F-11D3-BF4B-00C04F79EFBC}") = "DistanceTransformTests", "engine\test\DistanceTransformTests\DistanceTransformTests.csproj", "{CA0317E1-6DD9-4FE5-B0B2-76F0C2E035C9}"
EndProject
Project("{FAE04EC0-301F-11D3-BF4B-00C04F79EFBC}") = "PolyTreeRasterizerTests", "engine\test\PolyTreeRasterizerTests\PolyTreeRasterizerTests.csproj", "{CA0318F3-1DD9-4FE5-B0B2-76F0C2E035C9}"
EndProject
Project("{9A19103F-16F7-4668-BE54-9A1E7A4F7556}") = "Dargon.Funkeln", "engine\src\Dargon.Funkeln\Dargon.Funkeln.csproj", "{174D478F-DC4C-4DDF-8B99-AB80212F0327}"
EndProject
Project("{9A19103F-16F7-4668-BE54-9A1E7A4F7556}") = "Dargon.Luna", "engine\src\Dargon.Luna\Dargon.Luna.csproj", "{21D9002E-6E75-4E69-8DA5-785A23C19D68}"
EndProject
Project("{9A19103F-16F7-4668-BE54-9A1E7A4F7556}") = "Dargon.Luna.Transpiler", "engine\src\Dargon.Luna.Transpiler\Dargon.Luna.Transpiler.csproj", "{38C365E8-2962-4C82-A2FD-C2F47A6D8670}"
EndProject
Project("{9A19103F-16F7-4668-BE54-9A1E7A4F7556}") = "Dargon.PolyClip", "engine\src\Dargon.PolyClip\Dargon.PolyClip.csproj", "{2A6D7ED2-5C7E-420B-82DB-2C538E337EAB}"
EndProject
Project("{9A19103F-16F7-4668-BE54-9A1E7A4F7556}") = "Dargon.Terragami", "engine\src\Dargon.Terragami\Dargon.Terragami.csproj", "{2C96AE94-7837-41DE-9802-B98837C6FDB9}"
EndProject
Project("{9A19103F-16F7-4668-BE54-9A1E7A4F7556}") = "Dargon.Dviz", "engine\src\Canvas2D\Dargon.Dviz.csproj", "{831E6C33-F084-4DC8-9547-B9A2DDBE3D40}"
EndProject
Project("{2150E333-8FDC-42A3-9474-1A3956D46DE8}") = "Native", "Native", "{7201D5A9-772F-4075-AEE0-CA7D53892BD6}"
EndProject
Project("{8BC9CEB8-8B4A-11D0-8D11-00A0C91BC942}") = "nativeutils", "engine\src\Native\nativeutils\nativeutils.vcxproj", "{A5A9666E-1A4A-4080-9562-A9068FFFCC78}"
EndProject
Project("{FAE04EC0-301F-11D3-BF4B-00C04F79EFBC}") = "Dargon.Terragami.Tests", "engine\test\Dargon.Terragami.Tests\Dargon.Terragami.Tests.csproj", "{686501CB-FADB-4455-B43B-37199EF5D31D}"
EndProject
Global
	GlobalSection(SolutionConfigurationPlatforms) = preSolution
		Debug|Any CPU = Debug|Any CPU
		Debug|x64 = Debug|x64
		Debug|x86 = Debug|x86
		Release|Any CPU = Release|Any CPU
		Release|x64 = Release|x64
		Release|x86 = Release|x86
	EndGlobalSection
	GlobalSection(ProjectConfigurationPlatforms) = postSolution
		{A40207E1-6DD9-4FE5-B0B2-26F0C2E035C9}.Debug|Any CPU.ActiveCfg = Debug|Any CPU
		{A40207E1-6DD9-4FE5-B0B2-26F0C2E035C9}.Debug|Any CPU.Build.0 = Debug|Any CPU
		{A40207E1-6DD9-4FE5-B0B2-26F0C2E035C9}.Debug|x64.ActiveCfg = Debug|Any CPU
		{A40207E1-6DD9-4FE5-B0B2-26F0C2E035C9}.Debug|x64.Build.0 = Debug|Any CPU
		{A40207E1-6DD9-4FE5-B0B2-26F0C2E035C9}.Debug|x86.ActiveCfg = Debug|Any CPU
		{A40207E1-6DD9-4FE5-B0B2-26F0C2E035C9}.Debug|x86.Build.0 = Debug|Any CPU
		{A40207E1-6DD9-4FE5-B0B2-26F0C2E035C9}.Release|Any CPU.ActiveCfg = Release|Any CPU
		{A40207E1-6DD9-4FE5-B0B2-26F0C2E035C9}.Release|Any CPU.Build.0 = Release|Any CPU
		{A40207E1-6DD9-4FE5-B0B2-26F0C2E035C9}.Release|x64.ActiveCfg = Release|Any CPU
		{A40207E1-6DD9-4FE5-B0B2-26F0C2E035C9}.Release|x64.Build.0 = Release|Any CPU
		{A40207E1-6DD9-4FE5-B0B2-26F0C2E035C9}.Release|x86.ActiveCfg = Release|Any CPU
		{A40207E1-6DD9-4FE5-B0B2-26F0C2E035C9}.Release|x86.Build.0 = Release|Any CPU
		{F753B129-46AB-43AC-87E3-552C7E07ECA5}.Debug|Any CPU.ActiveCfg = Debug|Any CPU
		{F753B129-46AB-43AC-87E3-552C7E07ECA5}.Debug|Any CPU.Build.0 = Debug|Any CPU
		{F753B129-46AB-43AC-87E3-552C7E07ECA5}.Debug|x64.ActiveCfg = Debug|Any CPU
		{F753B129-46AB-43AC-87E3-552C7E07ECA5}.Debug|x64.Build.0 = Debug|Any CPU
		{F753B129-46AB-43AC-87E3-552C7E07ECA5}.Debug|x86.ActiveCfg = Debug|Any CPU
		{F753B129-46AB-43AC-87E3-552C7E07ECA5}.Debug|x86.Build.0 = Debug|Any CPU
		{F753B129-46AB-43AC-87E3-552C7E07ECA5}.Release|Any CPU.ActiveCfg = Release|Any CPU
		{F753B129-46AB-43AC-87E3-552C7E07ECA5}.Release|Any CPU.Build.0 = Release|Any CPU
		{F753B129-46AB-43AC-87E3-552C7E07ECA5}.Release|x64.ActiveCfg = Release|Any CPU
		{F753B129-46AB-43AC-87E3-552C7E07ECA5}.Release|x64.Build.0 = Release|Any CPU
		{F753B129-46AB-43AC-87E3-552C7E07ECA5}.Release|x86.ActiveCfg = Release|Any CPU
		{F753B129-46AB-43AC-87E3-552C7E07ECA5}.Release|x86.Build.0 = Release|Any CPU
		{B40207E1-6DD9-4FE5-B0B2-26F0C2E035C9}.Debug|Any CPU.ActiveCfg = Debug|Any CPU
		{B40207E1-6DD9-4FE5-B0B2-26F0C2E035C9}.Debug|Any CPU.Build.0 = Debug|Any CPU
		{B40207E1-6DD9-4FE5-B0B2-26F0C2E035C9}.Debug|x64.ActiveCfg = Debug|Any CPU
		{B40207E1-6DD9-4FE5-B0B2-26F0C2E035C9}.Debug|x64.Build.0 = Debug|Any CPU
		{B40207E1-6DD9-4FE5-B0B2-26F0C2E035C9}.Debug|x86.ActiveCfg = Debug|Any CPU
		{B40207E1-6DD9-4FE5-B0B2-26F0C2E035C9}.Debug|x86.Build.0 = Debug|Any CPU
		{B40207E1-6DD9-4FE5-B0B2-26F0C2E035C9}.Release|Any CPU.ActiveCfg = Release|Any CPU
		{B40207E1-6DD9-4FE5-B0B2-26F0C2E035C9}.Release|Any CPU.Build.0 = Release|Any CPU
		{B40207E1-6DD9-4FE5-B0B2-26F0C2E035C9}.Release|x64.ActiveCfg = Release|Any CPU
		{B40207E1-6DD9-4FE5-B0B2-26F0C2E035C9}.Release|x64.Build.0 = Release|Any CPU
		{B40207E1-6DD9-4FE5-B0B2-26F0C2E035C9}.Release|x86.ActiveCfg = Release|Any CPU
		{B40207E1-6DD9-4FE5-B0B2-26F0C2E035C9}.Release|x86.Build.0 = Release|Any CPU
		{B40207E1-6DD9-4FE5-B0B2-26E0C2E035C9}.Debug|Any CPU.ActiveCfg = Debug|Any CPU
		{B40207E1-6DD9-4FE5-B0B2-26E0C2E035C9}.Debug|Any CPU.Build.0 = Debug|Any CPU
		{B40207E1-6DD9-4FE5-B0B2-26E0C2E035C9}.Debug|x64.ActiveCfg = Debug|Any CPU
		{B40207E1-6DD9-4FE5-B0B2-26E0C2E035C9}.Debug|x64.Build.0 = Debug|Any CPU
		{B40207E1-6DD9-4FE5-B0B2-26E0C2E035C9}.Debug|x86.ActiveCfg = Debug|Any CPU
		{B40207E1-6DD9-4FE5-B0B2-26E0C2E035C9}.Debug|x86.Build.0 = Debug|Any CPU
		{B40207E1-6DD9-4FE5-B0B2-26E0C2E035C9}.Release|Any CPU.ActiveCfg = Release|Any CPU
		{B40207E1-6DD9-4FE5-B0B2-26E0C2E035C9}.Release|Any CPU.Build.0 = Release|Any CPU
		{B40207E1-6DD9-4FE5-B0B2-26E0C2E035C9}.Release|x64.ActiveCfg = Release|Any CPU
		{B40207E1-6DD9-4FE5-B0B2-26E0C2E035C9}.Release|x64.Build.0 = Release|Any CPU
		{B40207E1-6DD9-4FE5-B0B2-26E0C2E035C9}.Release|x86.ActiveCfg = Release|Any CPU
		{B40207E1-6DD9-4FE5-B0B2-26E0C2E035C9}.Release|x86.Build.0 = Release|Any CPU
		{22CF2B05-286F-4DFA-A5D0-8769C7991967}.Debug|Any CPU.ActiveCfg = Debug|Any CPU
		{22CF2B05-286F-4DFA-A5D0-8769C7991967}.Debug|Any CPU.Build.0 = Debug|Any CPU
		{22CF2B05-286F-4DFA-A5D0-8769C7991967}.Debug|x64.ActiveCfg = Debug|Any CPU
		{22CF2B05-286F-4DFA-A5D0-8769C7991967}.Debug|x64.Build.0 = Debug|Any CPU
		{22CF2B05-286F-4DFA-A5D0-8769C7991967}.Debug|x86.ActiveCfg = Debug|Any CPU
		{22CF2B05-286F-4DFA-A5D0-8769C7991967}.Debug|x86.Build.0 = Debug|Any CPU
		{22CF2B05-286F-4DFA-A5D0-8769C7991967}.Release|Any CPU.ActiveCfg = Release|Any CPU
		{22CF2B05-286F-4DFA-A5D0-8769C7991967}.Release|Any CPU.Build.0 = Release|Any CPU
		{22CF2B05-286F-4DFA-A5D0-8769C7991967}.Release|x64.ActiveCfg = Release|Any CPU
		{22CF2B05-286F-4DFA-A5D0-8769C7991967}.Release|x64.Build.0 = Release|Any CPU
		{22CF2B05-286F-4DFA-A5D0-8769C7991967}.Release|x86.ActiveCfg = Release|Any CPU
		{22CF2B05-286F-4DFA-A5D0-8769C7991967}.Release|x86.Build.0 = Release|Any CPU
		{DDB1E6CA-2A8E-48C6-9155-8C65BF196C24}.Debug|Any CPU.ActiveCfg = Debug|Any CPU
		{DDB1E6CA-2A8E-48C6-9155-8C65BF196C24}.Debug|Any CPU.Build.0 = Debug|Any CPU
		{DDB1E6CA-2A8E-48C6-9155-8C65BF196C24}.Debug|x64.ActiveCfg = Debug|Any CPU
		{DDB1E6CA-2A8E-48C6-9155-8C65BF196C24}.Debug|x64.Build.0 = Debug|Any CPU
		{DDB1E6CA-2A8E-48C6-9155-8C65BF196C24}.Debug|x86.ActiveCfg = Debug|Any CPU
		{DDB1E6CA-2A8E-48C6-9155-8C65BF196C24}.Debug|x86.Build.0 = Debug|Any CPU
		{DDB1E6CA-2A8E-48C6-9155-8C65BF196C24}.Release|Any CPU.ActiveCfg = Release|Any CPU
		{DDB1E6CA-2A8E-48C6-9155-8C65BF196C24}.Release|Any CPU.Build.0 = Release|Any CPU
		{DDB1E6CA-2A8E-48C6-9155-8C65BF196C24}.Release|x64.ActiveCfg = Release|Any CPU
		{DDB1E6CA-2A8E-48C6-9155-8C65BF196C24}.Release|x64.Build.0 = Release|Any CPU
		{DDB1E6CA-2A8E-48C6-9155-8C65BF196C24}.Release|x86.ActiveCfg = Release|Any CPU
		{DDB1E6CA-2A8E-48C6-9155-8C65BF196C24}.Release|x86.Build.0 = Release|Any CPU
		{CA0207E1-6DD9-4FE5-B0B2-26E0C2E035C9}.Debug|Any CPU.ActiveCfg = Debug|Any CPU
		{CA0207E1-6DD9-4FE5-B0B2-26E0C2E035C9}.Debug|Any CPU.Build.0 = Debug|Any CPU
		{CA0207E1-6DD9-4FE5-B0B2-26E0C2E035C9}.Debug|x64.ActiveCfg = Debug|Any CPU
		{CA0207E1-6DD9-4FE5-B0B2-26E0C2E035C9}.Debug|x64.Build.0 = Debug|Any CPU
		{CA0207E1-6DD9-4FE5-B0B2-26E0C2E035C9}.Debug|x86.ActiveCfg = Debug|Any CPU
		{CA0207E1-6DD9-4FE5-B0B2-26E0C2E035C9}.Debug|x86.Build.0 = Debug|Any CPU
		{CA0207E1-6DD9-4FE5-B0B2-26E0C2E035C9}.Release|Any CPU.ActiveCfg = Release|Any CPU
		{CA0207E1-6DD9-4FE5-B0B2-26E0C2E035C9}.Release|Any CPU.Build.0 = Release|Any CPU
		{CA0207E1-6DD9-4FE5-B0B2-26E0C2E035C9}.Release|x64.ActiveCfg = Release|Any CPU
		{CA0207E1-6DD9-4FE5-B0B2-26E0C2E035C9}.Release|x64.Build.0 = Release|Any CPU
		{CA0207E1-6DD9-4FE5-B0B2-26E0C2E035C9}.Release|x86.ActiveCfg = Release|Any CPU
		{CA0207E1-6DD9-4FE5-B0B2-26E0C2E035C9}.Release|x86.Build.0 = Release|Any CPU
		{223D18F2-FCE4-4D18-9DF8-A90CEAE4D1A9}.Debug|Any CPU.ActiveCfg = Debug|Any CPU
		{223D18F2-FCE4-4D18-9DF8-A90CEAE4D1A9}.Debug|Any CPU.Build.0 = Debug|Any CPU
		{223D18F2-FCE4-4D18-9DF8-A90CEAE4D1A9}.Debug|x64.ActiveCfg = Debug|Any CPU
		{223D18F2-FCE4-4D18-9DF8-A90CEAE4D1A9}.Debug|x64.Build.0 = Debug|Any CPU
		{223D18F2-FCE4-4D18-9DF8-A90CEAE4D1A9}.Debug|x86.ActiveCfg = Debug|Any CPU
		{223D18F2-FCE4-4D18-9DF8-A90CEAE4D1A9}.Debug|x86.Build.0 = Debug|Any CPU
		{223D18F2-FCE4-4D18-9DF8-A90CEAE4D1A9}.Release|Any CPU.ActiveCfg = Release|Any CPU
		{223D18F2-FCE4-4D18-9DF8-A90CEAE4D1A9}.Release|Any CPU.Build.0 = Release|Any CPU
		{223D18F2-FCE4-4D18-9DF8-A90CEAE4D1A9}.Release|x64.ActiveCfg = Release|Any CPU
		{223D18F2-FCE4-4D18-9DF8-A90CEAE4D1A9}.Release|x64.Build.0 = Release|Any CPU
		{223D18F2-FCE4-4D18-9DF8-A90CEAE4D1A9}.Release|x86.ActiveCfg = Release|Any CPU
		{223D18F2-FCE4-4D18-9DF8-A90CEAE4D1A9}.Release|x86.Build.0 = Release|Any CPU
		{CA0317E1-6DD9-4FE5-B0B2-26E0C2E035C9}.Debug|Any CPU.ActiveCfg = Debug|Any CPU
		{CA0317E1-6DD9-4FE5-B0B2-26E0C2E035C9}.Debug|Any CPU.Build.0 = Debug|Any CPU
		{CA0317E1-6DD9-4FE5-B0B2-26E0C2E035C9}.Debug|x64.ActiveCfg = Debug|Any CPU
		{CA0317E1-6DD9-4FE5-B0B2-26E0C2E035C9}.Debug|x64.Build.0 = Debug|Any CPU
		{CA0317E1-6DD9-4FE5-B0B2-26E0C2E035C9}.Debug|x86.ActiveCfg = Debug|Any CPU
		{CA0317E1-6DD9-4FE5-B0B2-26E0C2E035C9}.Debug|x86.Build.0 = Debug|Any CPU
		{CA0317E1-6DD9-4FE5-B0B2-26E0C2E035C9}.Release|Any CPU.ActiveCfg = Release|Any CPU
		{CA0317E1-6DD9-4FE5-B0B2-26E0C2E035C9}.Release|Any CPU.Build.0 = Release|Any CPU
		{CA0317E1-6DD9-4FE5-B0B2-26E0C2E035C9}.Release|x64.ActiveCfg = Release|Any CPU
		{CA0317E1-6DD9-4FE5-B0B2-26E0C2E035C9}.Release|x64.Build.0 = Release|Any CPU
		{CA0317E1-6DD9-4FE5-B0B2-26E0C2E035C9}.Release|x86.ActiveCfg = Release|Any CPU
		{CA0317E1-6DD9-4FE5-B0B2-26E0C2E035C9}.Release|x86.Build.0 = Release|Any CPU
		{223D18F2-FCE4-4D12-9DF8-A90CEAE4D1A9}.Debug|Any CPU.ActiveCfg = Debug|Any CPU
		{223D18F2-FCE4-4D12-9DF8-A90CEAE4D1A9}.Debug|Any CPU.Build.0 = Debug|Any CPU
		{223D18F2-FCE4-4D12-9DF8-A90CEAE4D1A9}.Debug|x64.ActiveCfg = Debug|Any CPU
		{223D18F2-FCE4-4D12-9DF8-A90CEAE4D1A9}.Debug|x64.Build.0 = Debug|Any CPU
		{223D18F2-FCE4-4D12-9DF8-A90CEAE4D1A9}.Debug|x86.ActiveCfg = Debug|Any CPU
		{223D18F2-FCE4-4D12-9DF8-A90CEAE4D1A9}.Debug|x86.Build.0 = Debug|Any CPU
		{223D18F2-FCE4-4D12-9DF8-A90CEAE4D1A9}.Release|Any CPU.ActiveCfg = Release|Any CPU
		{223D18F2-FCE4-4D12-9DF8-A90CEAE4D1A9}.Release|Any CPU.Build.0 = Release|Any CPU
		{223D18F2-FCE4-4D12-9DF8-A90CEAE4D1A9}.Release|x64.ActiveCfg = Release|Any CPU
		{223D18F2-FCE4-4D12-9DF8-A90CEAE4D1A9}.Release|x64.Build.0 = Release|Any CPU
		{223D18F2-FCE4-4D12-9DF8-A90CEAE4D1A9}.Release|x86.ActiveCfg = Release|Any CPU
		{223D18F2-FCE4-4D12-9DF8-A90CEAE4D1A9}.Release|x86.Build.0 = Release|Any CPU
		{2A44E380-E355-4C7A-A4A6-697A895A8424}.Debug|Any CPU.ActiveCfg = Debug|Win32
		{2A44E380-E355-4C7A-A4A6-697A895A8424}.Debug|Any CPU.Build.0 = Debug|Win32
		{2A44E380-E355-4C7A-A4A6-697A895A8424}.Debug|x64.ActiveCfg = Debug|x64
		{2A44E380-E355-4C7A-A4A6-697A895A8424}.Debug|x64.Build.0 = Debug|x64
		{2A44E380-E355-4C7A-A4A6-697A895A8424}.Debug|x86.ActiveCfg = Debug|Win32
		{2A44E380-E355-4C7A-A4A6-697A895A8424}.Debug|x86.Build.0 = Debug|Win32
		{2A44E380-E355-4C7A-A4A6-697A895A8424}.Release|Any CPU.ActiveCfg = Release|x64
		{2A44E380-E355-4C7A-A4A6-697A895A8424}.Release|Any CPU.Build.0 = Release|x64
		{2A44E380-E355-4C7A-A4A6-697A895A8424}.Release|x64.ActiveCfg = Release|x64
		{2A44E380-E355-4C7A-A4A6-697A895A8424}.Release|x64.Build.0 = Release|x64
		{2A44E380-E355-4C7A-A4A6-697A895A8424}.Release|x86.ActiveCfg = Release|Win32
		{2A44E380-E355-4C7A-A4A6-697A895A8424}.Release|x86.Build.0 = Release|Win32
		{BC87A02C-5BFF-4DF3-9B31-1C8BD305F66F}.Debug|Any CPU.ActiveCfg = Debug|Any CPU
		{BC87A02C-5BFF-4DF3-9B31-1C8BD305F66F}.Debug|Any CPU.Build.0 = Debug|Any CPU
		{BC87A02C-5BFF-4DF3-9B31-1C8BD305F66F}.Debug|x64.ActiveCfg = Debug|Any CPU
		{BC87A02C-5BFF-4DF3-9B31-1C8BD305F66F}.Debug|x64.Build.0 = Debug|Any CPU
		{BC87A02C-5BFF-4DF3-9B31-1C8BD305F66F}.Debug|x86.ActiveCfg = Debug|Any CPU
		{BC87A02C-5BFF-4DF3-9B31-1C8BD305F66F}.Debug|x86.Build.0 = Debug|Any CPU
		{BC87A02C-5BFF-4DF3-9B31-1C8BD305F66F}.Release|Any CPU.ActiveCfg = Release|Any CPU
		{BC87A02C-5BFF-4DF3-9B31-1C8BD305F66F}.Release|Any CPU.Build.0 = Release|Any CPU
		{BC87A02C-5BFF-4DF3-9B31-1C8BD305F66F}.Release|x64.ActiveCfg = Release|Any CPU
		{BC87A02C-5BFF-4DF3-9B31-1C8BD305F66F}.Release|x64.Build.0 = Release|Any CPU
		{BC87A02C-5BFF-4DF3-9B31-1C8BD305F66F}.Release|x86.ActiveCfg = Release|Any CPU
		{BC87A02C-5BFF-4DF3-9B31-1C8BD305F66F}.Release|x86.Build.0 = Release|Any CPU
		{76CFEA8F-9385-4856-A4BD-2F809EEACB3E}.Debug|Any CPU.ActiveCfg = Debug|Any CPU
		{76CFEA8F-9385-4856-A4BD-2F809EEACB3E}.Debug|Any CPU.Build.0 = Debug|Any CPU
		{76CFEA8F-9385-4856-A4BD-2F809EEACB3E}.Debug|x64.ActiveCfg = Debug|Any CPU
		{76CFEA8F-9385-4856-A4BD-2F809EEACB3E}.Debug|x64.Build.0 = Debug|Any CPU
		{76CFEA8F-9385-4856-A4BD-2F809EEACB3E}.Debug|x86.ActiveCfg = Debug|Any CPU
		{76CFEA8F-9385-4856-A4BD-2F809EEACB3E}.Debug|x86.Build.0 = Debug|Any CPU
		{76CFEA8F-9385-4856-A4BD-2F809EEACB3E}.Release|Any CPU.ActiveCfg = Release|Any CPU
		{76CFEA8F-9385-4856-A4BD-2F809EEACB3E}.Release|Any CPU.Build.0 = Release|Any CPU
		{76CFEA8F-9385-4856-A4BD-2F809EEACB3E}.Release|x64.ActiveCfg = Release|Any CPU
		{76CFEA8F-9385-4856-A4BD-2F809EEACB3E}.Release|x64.Build.0 = Release|Any CPU
		{76CFEA8F-9385-4856-A4BD-2F809EEACB3E}.Release|x86.ActiveCfg = Release|Any CPU
		{76CFEA8F-9385-4856-A4BD-2F809EEACB3E}.Release|x86.Build.0 = Release|Any CPU
		{96C93161-92AC-484C-B5E1-D87B24FBA473}.Debug|Any CPU.ActiveCfg = Debug|Any CPU
		{96C93161-92AC-484C-B5E1-D87B24FBA473}.Debug|Any CPU.Build.0 = Debug|Any CPU
		{96C93161-92AC-484C-B5E1-D87B24FBA473}.Debug|x64.ActiveCfg = Debug|Any CPU
		{96C93161-92AC-484C-B5E1-D87B24FBA473}.Debug|x64.Build.0 = Debug|Any CPU
		{96C93161-92AC-484C-B5E1-D87B24FBA473}.Debug|x86.ActiveCfg = Debug|Any CPU
		{96C93161-92AC-484C-B5E1-D87B24FBA473}.Debug|x86.Build.0 = Debug|Any CPU
		{96C93161-92AC-484C-B5E1-D87B24FBA473}.Release|Any CPU.ActiveCfg = Release|Any CPU
		{96C93161-92AC-484C-B5E1-D87B24FBA473}.Release|Any CPU.Build.0 = Release|Any CPU
		{96C93161-92AC-484C-B5E1-D87B24FBA473}.Release|x64.ActiveCfg = Release|Any CPU
		{96C93161-92AC-484C-B5E1-D87B24FBA473}.Release|x64.Build.0 = Release|Any CPU
		{96C93161-92AC-484C-B5E1-D87B24FBA473}.Release|x86.ActiveCfg = Release|Any CPU
		{96C93161-92AC-484C-B5E1-D87B24FBA473}.Release|x86.Build.0 = Release|Any CPU
		{1A128DEE-21FD-42D5-9DB4-F6F0C4BFA0B5}.Debug|Any CPU.ActiveCfg = Debug|Any CPU
		{1A128DEE-21FD-42D5-9DB4-F6F0C4BFA0B5}.Debug|Any CPU.Build.0 = Debug|Any CPU
		{1A128DEE-21FD-42D5-9DB4-F6F0C4BFA0B5}.Debug|x64.ActiveCfg = Debug|Any CPU
		{1A128DEE-21FD-42D5-9DB4-F6F0C4BFA0B5}.Debug|x64.Build.0 = Debug|Any CPU
		{1A128DEE-21FD-42D5-9DB4-F6F0C4BFA0B5}.Debug|x86.ActiveCfg = Debug|Any CPU
		{1A128DEE-21FD-42D5-9DB4-F6F0C4BFA0B5}.Debug|x86.Build.0 = Debug|Any CPU
		{1A128DEE-21FD-42D5-9DB4-F6F0C4BFA0B5}.Release|Any CPU.ActiveCfg = Release|Any CPU
		{1A128DEE-21FD-42D5-9DB4-F6F0C4BFA0B5}.Release|Any CPU.Build.0 = Release|Any CPU
		{1A128DEE-21FD-42D5-9DB4-F6F0C4BFA0B5}.Release|x64.ActiveCfg = Release|Any CPU
		{1A128DEE-21FD-42D5-9DB4-F6F0C4BFA0B5}.Release|x64.Build.0 = Release|Any CPU
		{1A128DEE-21FD-42D5-9DB4-F6F0C4BFA0B5}.Release|x86.ActiveCfg = Release|Any CPU
		{1A128DEE-21FD-42D5-9DB4-F6F0C4BFA0B5}.Release|x86.Build.0 = Release|Any CPU
		{9E33B9A9-E447-4C0C-9C7D-6E30EF6FDC84}.Debug|Any CPU.ActiveCfg = Debug|Any CPU
		{9E33B9A9-E447-4C0C-9C7D-6E30EF6FDC84}.Debug|Any CPU.Build.0 = Debug|Any CPU
		{9E33B9A9-E447-4C0C-9C7D-6E30EF6FDC84}.Debug|x64.ActiveCfg = Debug|Any CPU
		{9E33B9A9-E447-4C0C-9C7D-6E30EF6FDC84}.Debug|x64.Build.0 = Debug|Any CPU
		{9E33B9A9-E447-4C0C-9C7D-6E30EF6FDC84}.Debug|x86.ActiveCfg = Debug|Any CPU
		{9E33B9A9-E447-4C0C-9C7D-6E30EF6FDC84}.Debug|x86.Build.0 = Debug|Any CPU
		{9E33B9A9-E447-4C0C-9C7D-6E30EF6FDC84}.Release|Any CPU.ActiveCfg = Release|Any CPU
		{9E33B9A9-E447-4C0C-9C7D-6E30EF6FDC84}.Release|Any CPU.Build.0 = Release|Any CPU
		{9E33B9A9-E447-4C0C-9C7D-6E30EF6FDC84}.Release|x64.ActiveCfg = Release|Any CPU
		{9E33B9A9-E447-4C0C-9C7D-6E30EF6FDC84}.Release|x64.Build.0 = Release|Any CPU
		{9E33B9A9-E447-4C0C-9C7D-6E30EF6FDC84}.Release|x86.ActiveCfg = Release|Any CPU
		{9E33B9A9-E447-4C0C-9C7D-6E30EF6FDC84}.Release|x86.Build.0 = Release|Any CPU
		{C5400969-291A-45E2-9C26-8B15A74DE190}.Debug|Any CPU.ActiveCfg = Debug|Any CPU
		{C5400969-291A-45E2-9C26-8B15A74DE190}.Debug|Any CPU.Build.0 = Debug|Any CPU
		{C5400969-291A-45E2-9C26-8B15A74DE190}.Debug|x64.ActiveCfg = Debug|Any CPU
		{C5400969-291A-45E2-9C26-8B15A74DE190}.Debug|x64.Build.0 = Debug|Any CPU
		{C5400969-291A-45E2-9C26-8B15A74DE190}.Debug|x86.ActiveCfg = Debug|Any CPU
		{C5400969-291A-45E2-9C26-8B15A74DE190}.Debug|x86.Build.0 = Debug|Any CPU
		{C5400969-291A-45E2-9C26-8B15A74DE190}.Release|Any CPU.ActiveCfg = Release|Any CPU
		{C5400969-291A-45E2-9C26-8B15A74DE190}.Release|Any CPU.Build.0 = Release|Any CPU
		{C5400969-291A-45E2-9C26-8B15A74DE190}.Release|x64.ActiveCfg = Release|Any CPU
		{C5400969-291A-45E2-9C26-8B15A74DE190}.Release|x64.Build.0 = Release|Any CPU
		{C5400969-291A-45E2-9C26-8B15A74DE190}.Release|x86.ActiveCfg = Release|Any CPU
		{C5400969-291A-45E2-9C26-8B15A74DE190}.Release|x86.Build.0 = Release|Any CPU
		{80ECEAF8-39FC-4CD3-9026-59C822E73667}.Debug|Any CPU.ActiveCfg = Debug|Any CPU
		{80ECEAF8-39FC-4CD3-9026-59C822E73667}.Debug|Any CPU.Build.0 = Debug|Any CPU
		{80ECEAF8-39FC-4CD3-9026-59C822E73667}.Debug|x64.ActiveCfg = Debug|Any CPU
		{80ECEAF8-39FC-4CD3-9026-59C822E73667}.Debug|x64.Build.0 = Debug|Any CPU
		{80ECEAF8-39FC-4CD3-9026-59C822E73667}.Debug|x86.ActiveCfg = Debug|Any CPU
		{80ECEAF8-39FC-4CD3-9026-59C822E73667}.Debug|x86.Build.0 = Debug|Any CPU
		{80ECEAF8-39FC-4CD3-9026-59C822E73667}.Release|Any CPU.ActiveCfg = Release|Any CPU
		{80ECEAF8-39FC-4CD3-9026-59C822E73667}.Release|Any CPU.Build.0 = Release|Any CPU
		{80ECEAF8-39FC-4CD3-9026-59C822E73667}.Release|x64.ActiveCfg = Release|Any CPU
		{80ECEAF8-39FC-4CD3-9026-59C822E73667}.Release|x64.Build.0 = Release|Any CPU
		{80ECEAF8-39FC-4CD3-9026-59C822E73667}.Release|x86.ActiveCfg = Release|Any CPU
		{80ECEAF8-39FC-4CD3-9026-59C822E73667}.Release|x86.Build.0 = Release|Any CPU
		{D46C606E-5826-465F-9983-251E3D3B2F1C}.Debug|Any CPU.ActiveCfg = Debug|Any CPU
		{D46C606E-5826-465F-9983-251E3D3B2F1C}.Debug|Any CPU.Build.0 = Debug|Any CPU
		{D46C606E-5826-465F-9983-251E3D3B2F1C}.Debug|x64.ActiveCfg = Debug|Any CPU
		{D46C606E-5826-465F-9983-251E3D3B2F1C}.Debug|x64.Build.0 = Debug|Any CPU
		{D46C606E-5826-465F-9983-251E3D3B2F1C}.Debug|x86.ActiveCfg = Debug|Any CPU
		{D46C606E-5826-465F-9983-251E3D3B2F1C}.Debug|x86.Build.0 = Debug|Any CPU
		{D46C606E-5826-465F-9983-251E3D3B2F1C}.Release|Any CPU.ActiveCfg = Release|Any CPU
		{D46C606E-5826-465F-9983-251E3D3B2F1C}.Release|Any CPU.Build.0 = Release|Any CPU
		{D46C606E-5826-465F-9983-251E3D3B2F1C}.Release|x64.ActiveCfg = Release|Any CPU
		{D46C606E-5826-465F-9983-251E3D3B2F1C}.Release|x64.Build.0 = Release|Any CPU
		{D46C606E-5826-465F-9983-251E3D3B2F1C}.Release|x86.ActiveCfg = Release|Any CPU
		{D46C606E-5826-465F-9983-251E3D3B2F1C}.Release|x86.Build.0 = Release|Any CPU
		{DD5A9908-5149-4A76-B942-111EF480FE4E}.Debug|Any CPU.ActiveCfg = Debug|Any CPU
		{DD5A9908-5149-4A76-B942-111EF480FE4E}.Debug|Any CPU.Build.0 = Debug|Any CPU
		{DD5A9908-5149-4A76-B942-111EF480FE4E}.Debug|x64.ActiveCfg = Debug|Any CPU
		{DD5A9908-5149-4A76-B942-111EF480FE4E}.Debug|x64.Build.0 = Debug|Any CPU
		{DD5A9908-5149-4A76-B942-111EF480FE4E}.Debug|x86.ActiveCfg = Debug|Any CPU
		{DD5A9908-5149-4A76-B942-111EF480FE4E}.Debug|x86.Build.0 = Debug|Any CPU
		{DD5A9908-5149-4A76-B942-111EF480FE4E}.Release|Any CPU.ActiveCfg = Release|Any CPU
		{DD5A9908-5149-4A76-B942-111EF480FE4E}.Release|Any CPU.Build.0 = Release|Any CPU
		{DD5A9908-5149-4A76-B942-111EF480FE4E}.Release|x64.ActiveCfg = Release|Any CPU
		{DD5A9908-5149-4A76-B942-111EF480FE4E}.Release|x64.Build.0 = Release|Any CPU
		{DD5A9908-5149-4A76-B942-111EF480FE4E}.Release|x86.ActiveCfg = Release|Any CPU
		{DD5A9908-5149-4A76-B942-111EF480FE4E}.Release|x86.Build.0 = Release|Any CPU
		{1CE78F1B-EA76-448D-B4E2-7D132687BC15}.Debug|Any CPU.ActiveCfg = Debug|Any CPU
		{1CE78F1B-EA76-448D-B4E2-7D132687BC15}.Debug|Any CPU.Build.0 = Debug|Any CPU
		{1CE78F1B-EA76-448D-B4E2-7D132687BC15}.Debug|x64.ActiveCfg = Debug|Any CPU
		{1CE78F1B-EA76-448D-B4E2-7D132687BC15}.Debug|x64.Build.0 = Debug|Any CPU
		{1CE78F1B-EA76-448D-B4E2-7D132687BC15}.Debug|x86.ActiveCfg = Debug|Any CPU
		{1CE78F1B-EA76-448D-B4E2-7D132687BC15}.Debug|x86.Build.0 = Debug|Any CPU
		{1CE78F1B-EA76-448D-B4E2-7D132687BC15}.Release|Any CPU.ActiveCfg = Release|Any CPU
		{1CE78F1B-EA76-448D-B4E2-7D132687BC15}.Release|Any CPU.Build.0 = Release|Any CPU
		{1CE78F1B-EA76-448D-B4E2-7D132687BC15}.Release|x64.ActiveCfg = Release|Any CPU
		{1CE78F1B-EA76-448D-B4E2-7D132687BC15}.Release|x64.Build.0 = Release|Any CPU
		{1CE78F1B-EA76-448D-B4E2-7D132687BC15}.Release|x86.ActiveCfg = Release|Any CPU
		{1CE78F1B-EA76-448D-B4E2-7D132687BC15}.Release|x86.Build.0 = Release|Any CPU
		{A8E159BF-727E-4D54-B91E-39747393ADED}.Debug|Any CPU.ActiveCfg = Debug|Any CPU
		{A8E159BF-727E-4D54-B91E-39747393ADED}.Debug|Any CPU.Build.0 = Debug|Any CPU
		{A8E159BF-727E-4D54-B91E-39747393ADED}.Debug|x64.ActiveCfg = Debug|Any CPU
		{A8E159BF-727E-4D54-B91E-39747393ADED}.Debug|x64.Build.0 = Debug|Any CPU
		{A8E159BF-727E-4D54-B91E-39747393ADED}.Debug|x86.ActiveCfg = Debug|Any CPU
		{A8E159BF-727E-4D54-B91E-39747393ADED}.Debug|x86.Build.0 = Debug|Any CPU
		{A8E159BF-727E-4D54-B91E-39747393ADED}.Release|Any CPU.ActiveCfg = Release|Any CPU
		{A8E159BF-727E-4D54-B91E-39747393ADED}.Release|Any CPU.Build.0 = Release|Any CPU
		{A8E159BF-727E-4D54-B91E-39747393ADED}.Release|x64.ActiveCfg = Release|Any CPU
		{A8E159BF-727E-4D54-B91E-39747393ADED}.Release|x64.Build.0 = Release|Any CPU
		{A8E159BF-727E-4D54-B91E-39747393ADED}.Release|x86.ActiveCfg = Release|Any CPU
		{A8E159BF-727E-4D54-B91E-39747393ADED}.Release|x86.Build.0 = Release|Any CPU
		{7C58BA7B-FAA4-47FF-880F-01607B1D199A}.Debug|Any CPU.ActiveCfg = Debug|Any CPU
		{7C58BA7B-FAA4-47FF-880F-01607B1D199A}.Debug|Any CPU.Build.0 = Debug|Any CPU
		{7C58BA7B-FAA4-47FF-880F-01607B1D199A}.Debug|x64.ActiveCfg = Debug|Any CPU
		{7C58BA7B-FAA4-47FF-880F-01607B1D199A}.Debug|x64.Build.0 = Debug|Any CPU
		{7C58BA7B-FAA4-47FF-880F-01607B1D199A}.Debug|x86.ActiveCfg = Debug|Any CPU
		{7C58BA7B-FAA4-47FF-880F-01607B1D199A}.Debug|x86.Build.0 = Debug|Any CPU
		{7C58BA7B-FAA4-47FF-880F-01607B1D199A}.Release|Any CPU.ActiveCfg = Release|Any CPU
		{7C58BA7B-FAA4-47FF-880F-01607B1D199A}.Release|Any CPU.Build.0 = Release|Any CPU
		{7C58BA7B-FAA4-47FF-880F-01607B1D199A}.Release|x64.ActiveCfg = Release|Any CPU
		{7C58BA7B-FAA4-47FF-880F-01607B1D199A}.Release|x64.Build.0 = Release|Any CPU
		{7C58BA7B-FAA4-47FF-880F-01607B1D199A}.Release|x86.ActiveCfg = Release|Any CPU
		{7C58BA7B-FAA4-47FF-880F-01607B1D199A}.Release|x86.Build.0 = Release|Any CPU
		{CB4D68E0-79A2-43C7-8745-E2C429ABA7AF}.Debug|Any CPU.ActiveCfg = Debug|Any CPU
		{CB4D68E0-79A2-43C7-8745-E2C429ABA7AF}.Debug|Any CPU.Build.0 = Debug|Any CPU
		{CB4D68E0-79A2-43C7-8745-E2C429ABA7AF}.Debug|x64.ActiveCfg = Debug|Any CPU
		{CB4D68E0-79A2-43C7-8745-E2C429ABA7AF}.Debug|x64.Build.0 = Debug|Any CPU
		{CB4D68E0-79A2-43C7-8745-E2C429ABA7AF}.Debug|x86.ActiveCfg = Debug|Any CPU
		{CB4D68E0-79A2-43C7-8745-E2C429ABA7AF}.Debug|x86.Build.0 = Debug|Any CPU
		{CB4D68E0-79A2-43C7-8745-E2C429ABA7AF}.Release|Any CPU.ActiveCfg = Release|Any CPU
		{CB4D68E0-79A2-43C7-8745-E2C429ABA7AF}.Release|Any CPU.Build.0 = Release|Any CPU
		{CB4D68E0-79A2-43C7-8745-E2C429ABA7AF}.Release|x64.ActiveCfg = Release|Any CPU
		{CB4D68E0-79A2-43C7-8745-E2C429ABA7AF}.Release|x64.Build.0 = Release|Any CPU
		{CB4D68E0-79A2-43C7-8745-E2C429ABA7AF}.Release|x86.ActiveCfg = Release|Any CPU
		{CB4D68E0-79A2-43C7-8745-E2C429ABA7AF}.Release|x86.Build.0 = Release|Any CPU
		{6D16C119-15D1-4544-A4A1-02AB45F38C3B}.Debug|Any CPU.ActiveCfg = Debug|Any CPU
		{6D16C119-15D1-4544-A4A1-02AB45F38C3B}.Debug|Any CPU.Build.0 = Debug|Any CPU
		{6D16C119-15D1-4544-A4A1-02AB45F38C3B}.Debug|x64.ActiveCfg = Debug|Any CPU
		{6D16C119-15D1-4544-A4A1-02AB45F38C3B}.Debug|x64.Build.0 = Debug|Any CPU
		{6D16C119-15D1-4544-A4A1-02AB45F38C3B}.Debug|x86.ActiveCfg = Debug|Any CPU
		{6D16C119-15D1-4544-A4A1-02AB45F38C3B}.Debug|x86.Build.0 = Debug|Any CPU
		{6D16C119-15D1-4544-A4A1-02AB45F38C3B}.Release|Any CPU.ActiveCfg = Release|Any CPU
		{6D16C119-15D1-4544-A4A1-02AB45F38C3B}.Release|Any CPU.Build.0 = Release|Any CPU
		{6D16C119-15D1-4544-A4A1-02AB45F38C3B}.Release|x64.ActiveCfg = Release|Any CPU
		{6D16C119-15D1-4544-A4A1-02AB45F38C3B}.Release|x64.Build.0 = Release|Any CPU
		{6D16C119-15D1-4544-A4A1-02AB45F38C3B}.Release|x86.ActiveCfg = Release|Any CPU
		{6D16C119-15D1-4544-A4A1-02AB45F38C3B}.Release|x86.Build.0 = Release|Any CPU
		{F4047719-2523-46E7-B5AC-8D18C591E4B4}.Debug|Any CPU.ActiveCfg = Debug|Any CPU
		{F4047719-2523-46E7-B5AC-8D18C591E4B4}.Debug|Any CPU.Build.0 = Debug|Any CPU
		{F4047719-2523-46E7-B5AC-8D18C591E4B4}.Debug|x64.ActiveCfg = Debug|Any CPU
		{F4047719-2523-46E7-B5AC-8D18C591E4B4}.Debug|x64.Build.0 = Debug|Any CPU
		{F4047719-2523-46E7-B5AC-8D18C591E4B4}.Debug|x86.ActiveCfg = Debug|Any CPU
		{F4047719-2523-46E7-B5AC-8D18C591E4B4}.Debug|x86.Build.0 = Debug|Any CPU
		{F4047719-2523-46E7-B5AC-8D18C591E4B4}.Release|Any CPU.ActiveCfg = Release|Any CPU
		{F4047719-2523-46E7-B5AC-8D18C591E4B4}.Release|Any CPU.Build.0 = Release|Any CPU
		{F4047719-2523-46E7-B5AC-8D18C591E4B4}.Release|x64.ActiveCfg = Release|Any CPU
		{F4047719-2523-46E7-B5AC-8D18C591E4B4}.Release|x64.Build.0 = Release|Any CPU
		{F4047719-2523-46E7-B5AC-8D18C591E4B4}.Release|x86.ActiveCfg = Release|Any CPU
		{F4047719-2523-46E7-B5AC-8D18C591E4B4}.Release|x86.Build.0 = Release|Any CPU
		{E720E5DB-081C-4ABB-85B1-54722E58E357}.Debug|Any CPU.ActiveCfg = Debug|Any CPU
		{E720E5DB-081C-4ABB-85B1-54722E58E357}.Debug|Any CPU.Build.0 = Debug|Any CPU
		{E720E5DB-081C-4ABB-85B1-54722E58E357}.Debug|x64.ActiveCfg = Debug|Any CPU
		{E720E5DB-081C-4ABB-85B1-54722E58E357}.Debug|x64.Build.0 = Debug|Any CPU
		{E720E5DB-081C-4ABB-85B1-54722E58E357}.Debug|x86.ActiveCfg = Debug|Any CPU
		{E720E5DB-081C-4ABB-85B1-54722E58E357}.Debug|x86.Build.0 = Debug|Any CPU
		{E720E5DB-081C-4ABB-85B1-54722E58E357}.Release|Any CPU.ActiveCfg = Release|Any CPU
		{E720E5DB-081C-4ABB-85B1-54722E58E357}.Release|Any CPU.Build.0 = Release|Any CPU
		{E720E5DB-081C-4ABB-85B1-54722E58E357}.Release|x64.ActiveCfg = Release|Any CPU
		{E720E5DB-081C-4ABB-85B1-54722E58E357}.Release|x64.Build.0 = Release|Any CPU
		{E720E5DB-081C-4ABB-85B1-54722E58E357}.Release|x86.ActiveCfg = Release|Any CPU
		{E720E5DB-081C-4ABB-85B1-54722E58E357}.Release|x86.Build.0 = Release|Any CPU
		{8B390958-6AA5-4438-8B94-FFF3265EF19B}.Debug|Any CPU.ActiveCfg = Debug|Any CPU
		{8B390958-6AA5-4438-8B94-FFF3265EF19B}.Debug|Any CPU.Build.0 = Debug|Any CPU
		{8B390958-6AA5-4438-8B94-FFF3265EF19B}.Debug|x64.ActiveCfg = Debug|Any CPU
		{8B390958-6AA5-4438-8B94-FFF3265EF19B}.Debug|x64.Build.0 = Debug|Any CPU
		{8B390958-6AA5-4438-8B94-FFF3265EF19B}.Debug|x86.ActiveCfg = Debug|Any CPU
		{8B390958-6AA5-4438-8B94-FFF3265EF19B}.Debug|x86.Build.0 = Debug|Any CPU
		{8B390958-6AA5-4438-8B94-FFF3265EF19B}.Release|Any CPU.ActiveCfg = Release|Any CPU
		{8B390958-6AA5-4438-8B94-FFF3265EF19B}.Release|Any CPU.Build.0 = Release|Any CPU
		{8B390958-6AA5-4438-8B94-FFF3265EF19B}.Release|x64.ActiveCfg = Release|Any CPU
		{8B390958-6AA5-4438-8B94-FFF3265EF19B}.Release|x64.Build.0 = Release|Any CPU
		{8B390958-6AA5-4438-8B94-FFF3265EF19B}.Release|x86.ActiveCfg = Release|Any CPU
		{8B390958-6AA5-4438-8B94-FFF3265EF19B}.Release|x86.Build.0 = Release|Any CPU
		{A209DEBD-40B8-41AD-9224-1819E8FAC144}.Debug|Any CPU.ActiveCfg = Debug|Any CPU
		{A209DEBD-40B8-41AD-9224-1819E8FAC144}.Debug|Any CPU.Build.0 = Debug|Any CPU
		{A209DEBD-40B8-41AD-9224-1819E8FAC144}.Debug|x64.ActiveCfg = Debug|Any CPU
		{A209DEBD-40B8-41AD-9224-1819E8FAC144}.Debug|x64.Build.0 = Debug|Any CPU
		{A209DEBD-40B8-41AD-9224-1819E8FAC144}.Debug|x86.ActiveCfg = Debug|Any CPU
		{A209DEBD-40B8-41AD-9224-1819E8FAC144}.Debug|x86.Build.0 = Debug|Any CPU
		{A209DEBD-40B8-41AD-9224-1819E8FAC144}.Release|Any CPU.ActiveCfg = Release|Any CPU
		{A209DEBD-40B8-41AD-9224-1819E8FAC144}.Release|Any CPU.Build.0 = Release|Any CPU
		{A209DEBD-40B8-41AD-9224-1819E8FAC144}.Release|x64.ActiveCfg = Release|Any CPU
		{A209DEBD-40B8-41AD-9224-1819E8FAC144}.Release|x64.Build.0 = Release|Any CPU
		{A209DEBD-40B8-41AD-9224-1819E8FAC144}.Release|x86.ActiveCfg = Release|Any CPU
		{A209DEBD-40B8-41AD-9224-1819E8FAC144}.Release|x86.Build.0 = Release|Any CPU
		{0AC4F0F9-A786-429D-B6CA-818F674F2109}.Debug|Any CPU.ActiveCfg = Debug|Any CPU
		{0AC4F0F9-A786-429D-B6CA-818F674F2109}.Debug|Any CPU.Build.0 = Debug|Any CPU
		{0AC4F0F9-A786-429D-B6CA-818F674F2109}.Debug|x64.ActiveCfg = Debug|Any CPU
		{0AC4F0F9-A786-429D-B6CA-818F674F2109}.Debug|x64.Build.0 = Debug|Any CPU
		{0AC4F0F9-A786-429D-B6CA-818F674F2109}.Debug|x86.ActiveCfg = Debug|Any CPU
		{0AC4F0F9-A786-429D-B6CA-818F674F2109}.Debug|x86.Build.0 = Debug|Any CPU
		{0AC4F0F9-A786-429D-B6CA-818F674F2109}.Release|Any CPU.ActiveCfg = Release|Any CPU
		{0AC4F0F9-A786-429D-B6CA-818F674F2109}.Release|Any CPU.Build.0 = Release|Any CPU
		{0AC4F0F9-A786-429D-B6CA-818F674F2109}.Release|x64.ActiveCfg = Release|Any CPU
		{0AC4F0F9-A786-429D-B6CA-818F674F2109}.Release|x64.Build.0 = Release|Any CPU
		{0AC4F0F9-A786-429D-B6CA-818F674F2109}.Release|x86.ActiveCfg = Release|Any CPU
		{0AC4F0F9-A786-429D-B6CA-818F674F2109}.Release|x86.Build.0 = Release|Any CPU
		{A4A1DCFB-1715-41F4-9C62-E7AE99CE01AB}.Debug|Any CPU.ActiveCfg = Debug|Any CPU
		{A4A1DCFB-1715-41F4-9C62-E7AE99CE01AB}.Debug|Any CPU.Build.0 = Debug|Any CPU
		{A4A1DCFB-1715-41F4-9C62-E7AE99CE01AB}.Debug|x64.ActiveCfg = Debug|Any CPU
		{A4A1DCFB-1715-41F4-9C62-E7AE99CE01AB}.Debug|x64.Build.0 = Debug|Any CPU
		{A4A1DCFB-1715-41F4-9C62-E7AE99CE01AB}.Debug|x86.ActiveCfg = Debug|Any CPU
		{A4A1DCFB-1715-41F4-9C62-E7AE99CE01AB}.Debug|x86.Build.0 = Debug|Any CPU
		{A4A1DCFB-1715-41F4-9C62-E7AE99CE01AB}.Release|Any CPU.ActiveCfg = Release|Any CPU
		{A4A1DCFB-1715-41F4-9C62-E7AE99CE01AB}.Release|Any CPU.Build.0 = Release|Any CPU
		{A4A1DCFB-1715-41F4-9C62-E7AE99CE01AB}.Release|x64.ActiveCfg = Release|Any CPU
		{A4A1DCFB-1715-41F4-9C62-E7AE99CE01AB}.Release|x64.Build.0 = Release|Any CPU
		{A4A1DCFB-1715-41F4-9C62-E7AE99CE01AB}.Release|x86.ActiveCfg = Release|Any CPU
		{A4A1DCFB-1715-41F4-9C62-E7AE99CE01AB}.Release|x86.Build.0 = Release|Any CPU
		{0367F390-3C13-4E91-8EA6-FE29419DD4D0}.Debug|Any CPU.ActiveCfg = Debug|Any CPU
		{0367F390-3C13-4E91-8EA6-FE29419DD4D0}.Debug|Any CPU.Build.0 = Debug|Any CPU
		{0367F390-3C13-4E91-8EA6-FE29419DD4D0}.Debug|x64.ActiveCfg = Debug|Any CPU
		{0367F390-3C13-4E91-8EA6-FE29419DD4D0}.Debug|x64.Build.0 = Debug|Any CPU
		{0367F390-3C13-4E91-8EA6-FE29419DD4D0}.Debug|x86.ActiveCfg = Debug|Any CPU
		{0367F390-3C13-4E91-8EA6-FE29419DD4D0}.Debug|x86.Build.0 = Debug|Any CPU
		{0367F390-3C13-4E91-8EA6-FE29419DD4D0}.Release|Any CPU.ActiveCfg = Release|Any CPU
		{0367F390-3C13-4E91-8EA6-FE29419DD4D0}.Release|Any CPU.Build.0 = Release|Any CPU
		{0367F390-3C13-4E91-8EA6-FE29419DD4D0}.Release|x64.ActiveCfg = Release|Any CPU
		{0367F390-3C13-4E91-8EA6-FE29419DD4D0}.Release|x64.Build.0 = Release|Any CPU
		{0367F390-3C13-4E91-8EA6-FE29419DD4D0}.Release|x86.ActiveCfg = Release|Any CPU
		{0367F390-3C13-4E91-8EA6-FE29419DD4D0}.Release|x86.Build.0 = Release|Any CPU
		{2495AFDF-9C95-48AC-B766-8DD2F793C732}.Debug|Any CPU.ActiveCfg = Debug|Any CPU
		{2495AFDF-9C95-48AC-B766-8DD2F793C732}.Debug|Any CPU.Build.0 = Debug|Any CPU
		{2495AFDF-9C95-48AC-B766-8DD2F793C732}.Debug|x64.ActiveCfg = Debug|Any CPU
		{2495AFDF-9C95-48AC-B766-8DD2F793C732}.Debug|x64.Build.0 = Debug|Any CPU
		{2495AFDF-9C95-48AC-B766-8DD2F793C732}.Debug|x86.ActiveCfg = Debug|Any CPU
		{2495AFDF-9C95-48AC-B766-8DD2F793C732}.Debug|x86.Build.0 = Debug|Any CPU
		{2495AFDF-9C95-48AC-B766-8DD2F793C732}.Release|Any CPU.ActiveCfg = Release|Any CPU
		{2495AFDF-9C95-48AC-B766-8DD2F793C732}.Release|Any CPU.Build.0 = Release|Any CPU
		{2495AFDF-9C95-48AC-B766-8DD2F793C732}.Release|x64.ActiveCfg = Release|Any CPU
		{2495AFDF-9C95-48AC-B766-8DD2F793C732}.Release|x64.Build.0 = Release|Any CPU
		{2495AFDF-9C95-48AC-B766-8DD2F793C732}.Release|x86.ActiveCfg = Release|Any CPU
		{2495AFDF-9C95-48AC-B766-8DD2F793C732}.Release|x86.Build.0 = Release|Any CPU
		{4316B193-DCC2-4548-A4CD-03B656187757}.Debug|Any CPU.ActiveCfg = Debug|Any CPU
		{4316B193-DCC2-4548-A4CD-03B656187757}.Debug|Any CPU.Build.0 = Debug|Any CPU
		{4316B193-DCC2-4548-A4CD-03B656187757}.Debug|x64.ActiveCfg = Debug|Any CPU
		{4316B193-DCC2-4548-A4CD-03B656187757}.Debug|x64.Build.0 = Debug|Any CPU
		{4316B193-DCC2-4548-A4CD-03B656187757}.Debug|x86.ActiveCfg = Debug|Any CPU
		{4316B193-DCC2-4548-A4CD-03B656187757}.Debug|x86.Build.0 = Debug|Any CPU
		{4316B193-DCC2-4548-A4CD-03B656187757}.Release|Any CPU.ActiveCfg = Release|Any CPU
		{4316B193-DCC2-4548-A4CD-03B656187757}.Release|Any CPU.Build.0 = Release|Any CPU
		{4316B193-DCC2-4548-A4CD-03B656187757}.Release|x64.ActiveCfg = Release|Any CPU
		{4316B193-DCC2-4548-A4CD-03B656187757}.Release|x64.Build.0 = Release|Any CPU
		{4316B193-DCC2-4548-A4CD-03B656187757}.Release|x86.ActiveCfg = Release|Any CPU
		{4316B193-DCC2-4548-A4CD-03B656187757}.Release|x86.Build.0 = Release|Any CPU
		{CA0317E1-6DD9-4FE5-B0B2-76F0C2E035C9}.Debug|Any CPU.ActiveCfg = Debug|Any CPU
		{CA0317E1-6DD9-4FE5-B0B2-76F0C2E035C9}.Debug|Any CPU.Build.0 = Debug|Any CPU
		{CA0317E1-6DD9-4FE5-B0B2-76F0C2E035C9}.Debug|x64.ActiveCfg = Debug|Any CPU
		{CA0317E1-6DD9-4FE5-B0B2-76F0C2E035C9}.Debug|x64.Build.0 = Debug|Any CPU
		{CA0317E1-6DD9-4FE5-B0B2-76F0C2E035C9}.Debug|x86.ActiveCfg = Debug|Any CPU
		{CA0317E1-6DD9-4FE5-B0B2-76F0C2E035C9}.Debug|x86.Build.0 = Debug|Any CPU
		{CA0317E1-6DD9-4FE5-B0B2-76F0C2E035C9}.Release|Any CPU.ActiveCfg = Release|Any CPU
		{CA0317E1-6DD9-4FE5-B0B2-76F0C2E035C9}.Release|Any CPU.Build.0 = Release|Any CPU
		{CA0317E1-6DD9-4FE5-B0B2-76F0C2E035C9}.Release|x64.ActiveCfg = Release|Any CPU
		{CA0317E1-6DD9-4FE5-B0B2-76F0C2E035C9}.Release|x64.Build.0 = Release|Any CPU
		{CA0317E1-6DD9-4FE5-B0B2-76F0C2E035C9}.Release|x86.ActiveCfg = Release|Any CPU
		{CA0317E1-6DD9-4FE5-B0B2-76F0C2E035C9}.Release|x86.Build.0 = Release|Any CPU
		{CA0318F3-1DD9-4FE5-B0B2-76F0C2E035C9}.Debug|Any CPU.ActiveCfg = Debug|Any CPU
		{CA0318F3-1DD9-4FE5-B0B2-76F0C2E035C9}.Debug|Any CPU.Build.0 = Debug|Any CPU
		{CA0318F3-1DD9-4FE5-B0B2-76F0C2E035C9}.Debug|x64.ActiveCfg = Debug|Any CPU
		{CA0318F3-1DD9-4FE5-B0B2-76F0C2E035C9}.Debug|x64.Build.0 = Debug|Any CPU
		{CA0318F3-1DD9-4FE5-B0B2-76F0C2E035C9}.Debug|x86.ActiveCfg = Debug|Any CPU
		{CA0318F3-1DD9-4FE5-B0B2-76F0C2E035C9}.Debug|x86.Build.0 = Debug|Any CPU
		{CA0318F3-1DD9-4FE5-B0B2-76F0C2E035C9}.Release|Any CPU.ActiveCfg = Release|Any CPU
		{CA0318F3-1DD9-4FE5-B0B2-76F0C2E035C9}.Release|Any CPU.Build.0 = Release|Any CPU
		{CA0318F3-1DD9-4FE5-B0B2-76F0C2E035C9}.Release|x64.ActiveCfg = Release|Any CPU
		{CA0318F3-1DD9-4FE5-B0B2-76F0C2E035C9}.Release|x64.Build.0 = Release|Any CPU
		{CA0318F3-1DD9-4FE5-B0B2-76F0C2E035C9}.Release|x86.ActiveCfg = Release|Any CPU
		{CA0318F3-1DD9-4FE5-B0B2-76F0C2E035C9}.Release|x86.Build.0 = Release|Any CPU
		{174D478F-DC4C-4DDF-8B99-AB80212F0327}.Debug|Any CPU.ActiveCfg = Debug|Any CPU
		{174D478F-DC4C-4DDF-8B99-AB80212F0327}.Debug|Any CPU.Build.0 = Debug|Any CPU
		{174D478F-DC4C-4DDF-8B99-AB80212F0327}.Debug|x64.ActiveCfg = Debug|Any CPU
		{174D478F-DC4C-4DDF-8B99-AB80212F0327}.Debug|x64.Build.0 = Debug|Any CPU
		{174D478F-DC4C-4DDF-8B99-AB80212F0327}.Debug|x86.ActiveCfg = Debug|Any CPU
		{174D478F-DC4C-4DDF-8B99-AB80212F0327}.Debug|x86.Build.0 = Debug|Any CPU
		{174D478F-DC4C-4DDF-8B99-AB80212F0327}.Release|Any CPU.ActiveCfg = Release|Any CPU
		{174D478F-DC4C-4DDF-8B99-AB80212F0327}.Release|Any CPU.Build.0 = Release|Any CPU
		{174D478F-DC4C-4DDF-8B99-AB80212F0327}.Release|x64.ActiveCfg = Release|Any CPU
		{174D478F-DC4C-4DDF-8B99-AB80212F0327}.Release|x64.Build.0 = Release|Any CPU
		{174D478F-DC4C-4DDF-8B99-AB80212F0327}.Release|x86.ActiveCfg = Release|Any CPU
		{174D478F-DC4C-4DDF-8B99-AB80212F0327}.Release|x86.Build.0 = Release|Any CPU
		{21D9002E-6E75-4E69-8DA5-785A23C19D68}.Debug|Any CPU.ActiveCfg = Debug|Any CPU
		{21D9002E-6E75-4E69-8DA5-785A23C19D68}.Debug|Any CPU.Build.0 = Debug|Any CPU
		{21D9002E-6E75-4E69-8DA5-785A23C19D68}.Debug|x64.ActiveCfg = Debug|Any CPU
		{21D9002E-6E75-4E69-8DA5-785A23C19D68}.Debug|x64.Build.0 = Debug|Any CPU
		{21D9002E-6E75-4E69-8DA5-785A23C19D68}.Debug|x86.ActiveCfg = Debug|Any CPU
		{21D9002E-6E75-4E69-8DA5-785A23C19D68}.Debug|x86.Build.0 = Debug|Any CPU
		{21D9002E-6E75-4E69-8DA5-785A23C19D68}.Release|Any CPU.ActiveCfg = Release|Any CPU
		{21D9002E-6E75-4E69-8DA5-785A23C19D68}.Release|Any CPU.Build.0 = Release|Any CPU
		{21D9002E-6E75-4E69-8DA5-785A23C19D68}.Release|x64.ActiveCfg = Release|Any CPU
		{21D9002E-6E75-4E69-8DA5-785A23C19D68}.Release|x64.Build.0 = Release|Any CPU
		{21D9002E-6E75-4E69-8DA5-785A23C19D68}.Release|x86.ActiveCfg = Release|Any CPU
		{21D9002E-6E75-4E69-8DA5-785A23C19D68}.Release|x86.Build.0 = Release|Any CPU
		{38C365E8-2962-4C82-A2FD-C2F47A6D8670}.Debug|Any CPU.ActiveCfg = Debug|Any CPU
		{38C365E8-2962-4C82-A2FD-C2F47A6D8670}.Debug|Any CPU.Build.0 = Debug|Any CPU
		{38C365E8-2962-4C82-A2FD-C2F47A6D8670}.Debug|x64.ActiveCfg = Debug|Any CPU
		{38C365E8-2962-4C82-A2FD-C2F47A6D8670}.Debug|x64.Build.0 = Debug|Any CPU
		{38C365E8-2962-4C82-A2FD-C2F47A6D8670}.Debug|x86.ActiveCfg = Debug|Any CPU
		{38C365E8-2962-4C82-A2FD-C2F47A6D8670}.Debug|x86.Build.0 = Debug|Any CPU
		{38C365E8-2962-4C82-A2FD-C2F47A6D8670}.Release|Any CPU.ActiveCfg = Release|Any CPU
		{38C365E8-2962-4C82-A2FD-C2F47A6D8670}.Release|Any CPU.Build.0 = Release|Any CPU
		{38C365E8-2962-4C82-A2FD-C2F47A6D8670}.Release|x64.ActiveCfg = Release|Any CPU
		{38C365E8-2962-4C82-A2FD-C2F47A6D8670}.Release|x64.Build.0 = Release|Any CPU
		{38C365E8-2962-4C82-A2FD-C2F47A6D8670}.Release|x86.ActiveCfg = Release|Any CPU
		{38C365E8-2962-4C82-A2FD-C2F47A6D8670}.Release|x86.Build.0 = Release|Any CPU
		{2A6D7ED2-5C7E-420B-82DB-2C538E337EAB}.Debug|Any CPU.ActiveCfg = Debug|Any CPU
		{2A6D7ED2-5C7E-420B-82DB-2C538E337EAB}.Debug|Any CPU.Build.0 = Debug|Any CPU
		{2A6D7ED2-5C7E-420B-82DB-2C538E337EAB}.Debug|x64.ActiveCfg = Debug|Any CPU
		{2A6D7ED2-5C7E-420B-82DB-2C538E337EAB}.Debug|x64.Build.0 = Debug|Any CPU
		{2A6D7ED2-5C7E-420B-82DB-2C538E337EAB}.Debug|x86.ActiveCfg = Debug|Any CPU
		{2A6D7ED2-5C7E-420B-82DB-2C538E337EAB}.Debug|x86.Build.0 = Debug|Any CPU
		{2A6D7ED2-5C7E-420B-82DB-2C538E337EAB}.Release|Any CPU.ActiveCfg = Release|Any CPU
		{2A6D7ED2-5C7E-420B-82DB-2C538E337EAB}.Release|Any CPU.Build.0 = Release|Any CPU
		{2A6D7ED2-5C7E-420B-82DB-2C538E337EAB}.Release|x64.ActiveCfg = Release|Any CPU
		{2A6D7ED2-5C7E-420B-82DB-2C538E337EAB}.Release|x64.Build.0 = Release|Any CPU
		{2A6D7ED2-5C7E-420B-82DB-2C538E337EAB}.Release|x86.ActiveCfg = Release|Any CPU
		{2A6D7ED2-5C7E-420B-82DB-2C538E337EAB}.Release|x86.Build.0 = Release|Any CPU
		{2C96AE94-7837-41DE-9802-B98837C6FDB9}.Debug|Any CPU.ActiveCfg = Debug|Any CPU
		{2C96AE94-7837-41DE-9802-B98837C6FDB9}.Debug|Any CPU.Build.0 = Debug|Any CPU
		{2C96AE94-7837-41DE-9802-B98837C6FDB9}.Debug|x64.ActiveCfg = Debug|Any CPU
		{2C96AE94-7837-41DE-9802-B98837C6FDB9}.Debug|x64.Build.0 = Debug|Any CPU
		{2C96AE94-7837-41DE-9802-B98837C6FDB9}.Debug|x86.ActiveCfg = Debug|Any CPU
		{2C96AE94-7837-41DE-9802-B98837C6FDB9}.Debug|x86.Build.0 = Debug|Any CPU
		{2C96AE94-7837-41DE-9802-B98837C6FDB9}.Release|Any CPU.ActiveCfg = Release|Any CPU
		{2C96AE94-7837-41DE-9802-B98837C6FDB9}.Release|Any CPU.Build.0 = Release|Any CPU
		{2C96AE94-7837-41DE-9802-B98837C6FDB9}.Release|x64.ActiveCfg = Release|Any CPU
		{2C96AE94-7837-41DE-9802-B98837C6FDB9}.Release|x64.Build.0 = Release|Any CPU
		{2C96AE94-7837-41DE-9802-B98837C6FDB9}.Release|x86.ActiveCfg = Release|Any CPU
		{2C96AE94-7837-41DE-9802-B98837C6FDB9}.Release|x86.Build.0 = Release|Any CPU
		{831E6C33-F084-4DC8-9547-B9A2DDBE3D40}.Debug|Any CPU.ActiveCfg = Debug|Any CPU
		{831E6C33-F084-4DC8-9547-B9A2DDBE3D40}.Debug|Any CPU.Build.0 = Debug|Any CPU
		{831E6C33-F084-4DC8-9547-B9A2DDBE3D40}.Debug|x64.ActiveCfg = Debug|Any CPU
		{831E6C33-F084-4DC8-9547-B9A2DDBE3D40}.Debug|x64.Build.0 = Debug|Any CPU
		{831E6C33-F084-4DC8-9547-B9A2DDBE3D40}.Debug|x86.ActiveCfg = Debug|Any CPU
		{831E6C33-F084-4DC8-9547-B9A2DDBE3D40}.Debug|x86.Build.0 = Debug|Any CPU
		{831E6C33-F084-4DC8-9547-B9A2DDBE3D40}.Release|Any CPU.ActiveCfg = Release|Any CPU
		{831E6C33-F084-4DC8-9547-B9A2DDBE3D40}.Release|Any CPU.Build.0 = Release|Any CPU
		{831E6C33-F084-4DC8-9547-B9A2DDBE3D40}.Release|x64.ActiveCfg = Release|Any CPU
		{831E6C33-F084-4DC8-9547-B9A2DDBE3D40}.Release|x64.Build.0 = Release|Any CPU
		{831E6C33-F084-4DC8-9547-B9A2DDBE3D40}.Release|x86.ActiveCfg = Release|Any CPU
		{831E6C33-F084-4DC8-9547-B9A2DDBE3D40}.Release|x86.Build.0 = Release|Any CPU
		{A5A9666E-1A4A-4080-9562-A9068FFFCC78}.Debug|Any CPU.ActiveCfg = Debug|Win32
		{A5A9666E-1A4A-4080-9562-A9068FFFCC78}.Debug|x64.ActiveCfg = Debug|x64
		{A5A9666E-1A4A-4080-9562-A9068FFFCC78}.Debug|x64.Build.0 = Debug|x64
		{A5A9666E-1A4A-4080-9562-A9068FFFCC78}.Debug|x86.ActiveCfg = Debug|Win32
		{A5A9666E-1A4A-4080-9562-A9068FFFCC78}.Debug|x86.Build.0 = Debug|Win32
		{A5A9666E-1A4A-4080-9562-A9068FFFCC78}.Release|Any CPU.ActiveCfg = Release|Win32
		{A5A9666E-1A4A-4080-9562-A9068FFFCC78}.Release|x64.ActiveCfg = Release|x64
		{A5A9666E-1A4A-4080-9562-A9068FFFCC78}.Release|x64.Build.0 = Release|x64
		{A5A9666E-1A4A-4080-9562-A9068FFFCC78}.Release|x86.ActiveCfg = Release|Win32
		{A5A9666E-1A4A-4080-9562-A9068FFFCC78}.Release|x86.Build.0 = Release|Win32
		{686501CB-FADB-4455-B43B-37199EF5D31D}.Debug|Any CPU.ActiveCfg = Debug|Any CPU
		{686501CB-FADB-4455-B43B-37199EF5D31D}.Debug|Any CPU.Build.0 = Debug|Any CPU
		{686501CB-FADB-4455-B43B-37199EF5D31D}.Debug|x64.ActiveCfg = Debug|Any CPU
		{686501CB-FADB-4455-B43B-37199EF5D31D}.Debug|x64.Build.0 = Debug|Any CPU
		{686501CB-FADB-4455-B43B-37199EF5D31D}.Debug|x86.ActiveCfg = Debug|Any CPU
		{686501CB-FADB-4455-B43B-37199EF5D31D}.Debug|x86.Build.0 = Debug|Any CPU
		{686501CB-FADB-4455-B43B-37199EF5D31D}.Release|Any CPU.ActiveCfg = Release|Any CPU
		{686501CB-FADB-4455-B43B-37199EF5D31D}.Release|Any CPU.Build.0 = Release|Any CPU
		{686501CB-FADB-4455-B43B-37199EF5D31D}.Release|x64.ActiveCfg = Release|Any CPU
		{686501CB-FADB-4455-B43B-37199EF5D31D}.Release|x64.Build.0 = Release|Any CPU
		{686501CB-FADB-4455-B43B-37199EF5D31D}.Release|x86.ActiveCfg = Release|Any CPU
		{686501CB-FADB-4455-B43B-37199EF5D31D}.Release|x86.Build.0 = Release|Any CPU
	EndGlobalSection
	GlobalSection(SolutionProperties) = preSolution
		HideSolutionNode = FALSE
	EndGlobalSection
	GlobalSection(NestedProjects) = preSolution
		{A40207E1-6DD9-4FE5-B0B2-26F0C2E035C9} = {74294450-A622-43FE-8296-939C6420556C}
		{F753B129-46AB-43AC-87E3-552C7E07ECA5} = {74294450-A622-43FE-8296-939C6420556C}
		{B40207E1-6DD9-4FE5-B0B2-26F0C2E035C9} = {74294450-A622-43FE-8296-939C6420556C}
		{B40207E1-6DD9-4FE5-B0B2-26E0C2E035C9} = {74294450-A622-43FE-8296-939C6420556C}
		{CA0207E1-6DD9-4FE5-B0B2-26E0C2E035C9} = {74294450-A622-43FE-8296-939C6420556C}
		{223D18F2-FCE4-4D18-9DF8-A90CEAE4D1A9} = {74294450-A622-43FE-8296-939C6420556C}
		{CA0317E1-6DD9-4FE5-B0B2-26E0C2E035C9} = {74294450-A622-43FE-8296-939C6420556C}
		{223D18F2-FCE4-4D12-9DF8-A90CEAE4D1A9} = {74294450-A622-43FE-8296-939C6420556C}
		{2A44E380-E355-4C7A-A4A6-697A895A8424} = {74294450-A622-43FE-8296-939C6420556C}
		{76CFEA8F-9385-4856-A4BD-2F809EEACB3E} = {74294450-A622-43FE-8296-939C6420556C}
		{CD4DC002-FD3B-4B31-A749-863E7B0A768F} = {D8F4EDE4-D0E8-48A8-B00B-4C10592ADBFF}
		{1A128DEE-21FD-42D5-9DB4-F6F0C4BFA0B5} = {CD4DC002-FD3B-4B31-A749-863E7B0A768F}
		{9E33B9A9-E447-4C0C-9C7D-6E30EF6FDC84} = {CD4DC002-FD3B-4B31-A749-863E7B0A768F}
		{C5400969-291A-45E2-9C26-8B15A74DE190} = {CD4DC002-FD3B-4B31-A749-863E7B0A768F}
		{80ECEAF8-39FC-4CD3-9026-59C822E73667} = {CD4DC002-FD3B-4B31-A749-863E7B0A768F}
		{D46C606E-5826-465F-9983-251E3D3B2F1C} = {D8F4EDE4-D0E8-48A8-B00B-4C10592ADBFF}
		{DD5A9908-5149-4A76-B942-111EF480FE4E} = {CD4DC002-FD3B-4B31-A749-863E7B0A768F}
		{1CE78F1B-EA76-448D-B4E2-7D132687BC15} = {CD4DC002-FD3B-4B31-A749-863E7B0A768F}
		{A8E159BF-727E-4D54-B91E-39747393ADED} = {CD4DC002-FD3B-4B31-A749-863E7B0A768F}
		{7C58BA7B-FAA4-47FF-880F-01607B1D199A} = {CD4DC002-FD3B-4B31-A749-863E7B0A768F}
		{CB4D68E0-79A2-43C7-8745-E2C429ABA7AF} = {CD4DC002-FD3B-4B31-A749-863E7B0A768F}
		{6D16C119-15D1-4544-A4A1-02AB45F38C3B} = {CD4DC002-FD3B-4B31-A749-863E7B0A768F}
		{0367F390-3C13-4E91-8EA6-FE29419DD4D0} = {CD4DC002-FD3B-4B31-A749-863E7B0A768F}
		{2495AFDF-9C95-48AC-B766-8DD2F793C732} = {CD4DC002-FD3B-4B31-A749-863E7B0A768F}
		{4316B193-DCC2-4548-A4CD-03B656187757} = {74294450-A622-43FE-8296-939C6420556C}
		{CA0317E1-6DD9-4FE5-B0B2-76F0C2E035C9} = {74294450-A622-43FE-8296-939C6420556C}
		{CA0318F3-1DD9-4FE5-B0B2-76F0C2E035C9} = {74294450-A622-43FE-8296-939C6420556C}
		{A5A9666E-1A4A-4080-9562-A9068FFFCC78} = {7201D5A9-772F-4075-AEE0-CA7D53892BD6}
	EndGlobalSection
	GlobalSection(ExtensibilityGlobals) = postSolution
		SolutionGuid = {1FD68494-2499-4843-A91B-C0043F09C550}
	EndGlobalSection
	GlobalSection(Performance) = preSolution
		HasPerformanceSessions = true
	EndGlobalSection
	GlobalSection(Performance) = preSolution
		HasPerformanceSessions = true
	EndGlobalSection
	GlobalSection(Performance) = preSolution
		HasPerformanceSessions = true
	EndGlobalSection
	GlobalSection(Performance) = preSolution
		HasPerformanceSessions = true
	EndGlobalSection
	GlobalSection(Performance) = preSolution
		HasPerformanceSessions = true
	EndGlobalSection
	GlobalSection(Performance) = preSolution
		HasPerformanceSessions = true
	EndGlobalSection
	GlobalSection(Performance) = preSolution
		HasPerformanceSessions = true
	EndGlobalSection
	GlobalSection(Performance) = preSolution
		HasPerformanceSessions = true
	EndGlobalSection
	GlobalSection(Performance) = preSolution
		HasPerformanceSessions = true
	EndGlobalSection
	GlobalSection(Performance) = preSolution
		HasPerformanceSessions = true
	EndGlobalSection
	GlobalSection(Performance) = preSolution
		HasPerformanceSessions = true
	EndGlobalSection
	GlobalSection(Performance) = preSolution
		HasPerformanceSessions = true
	EndGlobalSection
	GlobalSection(Performance) = preSolution
		HasPerformanceSessions = true
	EndGlobalSection
	GlobalSection(Performance) = preSolution
		HasPerformanceSessions = true
	EndGlobalSection
	GlobalSection(Performance) = preSolution
		HasPerformanceSessions = true
	EndGlobalSection
	GlobalSection(Performance) = preSolution
		HasPerformanceSessions = true
	EndGlobalSection
	GlobalSection(Performance) = preSolution
		HasPerformanceSessions = true
	EndGlobalSection
	GlobalSection(Performance) = preSolution
		HasPerformanceSessions = true
	EndGlobalSection
	GlobalSection(Performance) = preSolution
		HasPerformanceSessions = true
	EndGlobalSection
	GlobalSection(Performance) = preSolution
		HasPerformanceSessions = true
	EndGlobalSection
	GlobalSection(Performance) = preSolution
		HasPerformanceSessions = true
	EndGlobalSection
	GlobalSection(Performance) = preSolution
		HasPerformanceSessions = true
	EndGlobalSection
	GlobalSection(Performance) = preSolution
		HasPerformanceSessions = true
	EndGlobalSection
EndGlobal
